<?xml version="1.0" encoding="utf-8"?>
<Project ToolsVersion="17.0" xmlns="http://schemas.microsoft.com/developer/msbuild/2003">
  <ItemGroup>
    <ClCompile Include="C:\workspace\HDR_ISP_CPP\src\modules\auto_exposure\auto_exposure.cpp">
      <Filter>Source Files</Filter>
    </ClCompile>
  </ItemGroup>
  <ItemGroup>
    <ClInclude Include="C:\workspace\HDR_ISP_CPP\src\modules\auto_exposure\auto_exposure.hpp">
      <Filter>Header Files</Filter>
    </ClInclude>
  </ItemGroup>
  <ItemGroup>
    <CustomBuild Include="C:\workspace\HDR_ISP_CPP\src\modules\auto_exposure\CMakeLists.txt" />
  </ItemGroup>
  <ItemGroup>
    <Filter Include="Header Files">
      <UniqueIdentifier>{BE1562DE-0F8A-3641-8072-369EFDD89EFC}</UniqueIdentifier>
    </Filter>
    <Filter Include="Source Files">
      <UniqueIdentifier>{D01FEAB0-D07B-3B56-A0B7-1EBF765F168B}</UniqueIdentifier>
    </Filter>
  </ItemGroup>
</Project>
