
Microsoft Visual Studio Solution File, Format Version 12.00
# Visual Studio Version 17
Project("{8BC9CEB8-8B4A-11D0-8D11-00A0C91BC942}") = "ALL_BUILD", "ALL_BUILD.vcxproj", "{CCE1F103-C677-3F49-A9BE-4134C1B0BFAC}"
	ProjectSection(ProjectDependencies) = postProject
		{5CEC7A11-1EC6-37FC-9BCC-4F95DD6A76BE} = {5CEC7A11-1EC6-37FC-9BCC-4F95DD6A76BE}
		{D3B1F869-ED64-3678-8ADC-BF5F4DC3CADC} = {D3B1F869-ED64-3678-8ADC-BF5F4DC3CADC}
		{CF257428-253C-3EF9-A365-27E965299BB5} = {CF257428-253C-3EF9-A365-27E965299BB5}
		{C645836A-9C74-36DA-B39C-E475848671F3} = {C645836A-9C74-36DA-B39C-E475848671F3}
		{BB996631-546C-3BA3-8E62-A2A9EC893620} = {BB996631-546C-3BA3-8E62-A2A9EC893620}
		{259BCA83-A1A1-3DA8-B925-8EE0D288867B} = {259BCA83-A1A1-3DA8-B925-8EE0D288867B}
		{A11B7BDD-7507-38B3-B2A0-BCE28646850F} = {A11B7BDD-7507-38B3-B2A0-BCE28646850F}
		{69791E6D-D6E8-3924-806C-2F4DB1705A2F} = {69791E6D-D6E8-3924-806C-2F4DB1705A2F}
		{273F0CAB-BAFB-387E-B91E-EC41080B663C} = {273F0CAB-BAFB-387E-B91E-EC41080B663C}
		{B183ED23-9C47-3A55-BD3A-8F471A4294C9} = {B183ED23-9C47-3A55-BD3A-8F471A4294C9}
		{CCEB06F6-C109-32DE-8B30-0E2BCF406D83} = {CCEB06F6-C109-32DE-8B30-0E2BCF406D83}
		{7D384236-0171-3B55-AC4F-A215901AAE97} = {7D384236-0171-3B55-AC4F-A215901AAE97}
		{7491DBD5-5CF5-3871-AF03-D4B8D7193CE6} = {7491DBD5-5CF5-3871-AF03-D4B8D7193CE6}
		{EEDE3B29-7E52-310F-8712-0BE50BA7C908} = {EEDE3B29-7E52-310F-8712-0BE50BA7C908}
		{28DE5A23-C001-3A09-9417-2BED7691FB48} = {28DE5A23-C001-3A09-9417-2BED7691FB48}
		{ABFBE30F-9B0E-3695-B11E-3D56624F0CCC} = {ABFBE30F-9B0E-3695-B11E-3D56624F0CCC}
		{68C3CBF4-FE73-3F9F-B743-31A3E16D32AE} = {68C3CBF4-FE73-3F9F-B743-31A3E16D32AE}
		{2A790E82-59B7-3958-84B7-62DDC6777265} = {2A790E82-59B7-3958-84B7-62DDC6777265}
		{002F62F4-0214-319A-9DC3-5B4F686CC8F6} = {002F62F4-0214-319A-9DC3-5B4F686CC8F6}
		{E89B12AE-DA57-32C5-9FCC-904AFCC9ACC3} = {E89B12AE-DA57-32C5-9FCC-904AFCC9ACC3}
		{26199D35-8605-3CEC-A021-1AF429CD283E} = {26199D35-8605-3CEC-A021-1AF429CD283E}
		{FC4E4370-06C7-3477-8351-458C3A35D5C7} = {FC4E4370-06C7-3477-8351-458C3A35D5C7}
		{ADF6E549-D440-39A8-B8B7-42F2FF879498} = {ADF6E549-D440-39A8-B8B7-42F2FF879498}
		{DF863992-AD54-3BCD-8DE3-EE624B1547B0} = {DF863992-AD54-3BCD-8DE3-EE624B1547B0}
		{03A5AEE6-4CA4-35E8-8013-9B64112AC091} = {03A5AEE6-4CA4-35E8-8013-9B64112AC091}
		{AB1B2ABC-B23D-34A8-BF29-6C60C1CFF2FC} = {AB1B2ABC-B23D-34A8-BF29-6C60C1CFF2FC}
		{FBB88A31-1BB8-3B80-9C4C-3061ECB5BA42} = {FBB88A31-1BB8-3B80-9C4C-3061ECB5BA42}
	EndProjectSection
EndProject
Project("{8BC9CEB8-8B4A-11D0-8D11-00A0C91BC942}") = "2d_noise_reduction", "src\modules\2d_noise_reduction\2d_noise_reduction.vcxproj", "{5CEC7A11-1EC6-37FC-9BCC-4F95DD6A76BE}"
	ProjectSection(ProjectDependencies) = postProject
		{D3B1F869-ED64-3678-8ADC-BF5F4DC3CADC} = {D3B1F869-ED64-3678-8ADC-BF5F4DC3CADC}
		{273F0CAB-BAFB-387E-B91E-EC41080B663C} = {273F0CAB-BAFB-387E-B91E-EC41080B663C}
	EndProjectSection
EndProject
Project("{8BC9CEB8-8B4A-11D0-8D11-00A0C91BC942}") = "ZERO_CHECK", "ZERO_CHECK.vcxproj", "{D3B1F869-ED64-3678-8ADC-BF5F4DC3CADC}"
	ProjectSection(ProjectDependencies) = postProject
	EndProjectSection
EndProject
Project("{8BC9CEB8-8B4A-11D0-8D11-00A0C91BC942}") = "auto_exposure", "src\modules\auto_exposure\auto_exposure.vcxproj", "{CF257428-253C-3EF9-A365-27E965299BB5}"
	ProjectSection(ProjectDependencies) = postProject
		{D3B1F869-ED64-3678-8ADC-BF5F4DC3CADC} = {D3B1F869-ED64-3678-8ADC-BF5F4DC3CADC}
	EndProjectSection
EndProject
Project("{8BC9CEB8-8B4A-11D0-8D11-00A0C91BC942}") = "auto_white_balance", "src\modules\auto_white_balance\auto_white_balance.vcxproj", "{C645836A-9C74-36DA-B39C-E475848671F3}"
	ProjectSection(ProjectDependencies) = postProject
		{D3B1F869-ED64-3678-8ADC-BF5F4DC3CADC} = {D3B1F869-ED64-3678-8ADC-BF5F4DC3CADC}
	EndProjectSection
EndProject
Project("{8BC9CEB8-8B4A-11D0-8D11-00A0C91BC942}") = "bayer_noise_reduction", "src\modules\bayer_noise_reduction\bayer_noise_reduction.vcxproj", "{BB996631-546C-3BA3-8E62-A2A9EC893620}"
	ProjectSection(ProjectDependencies) = postProject
		{D3B1F869-ED64-3678-8ADC-BF5F4DC3CADC} = {D3B1F869-ED64-3678-8ADC-BF5F4DC3CADC}
	EndProjectSection
EndProject
Project("{8BC9CEB8-8B4A-11D0-8D11-00A0C91BC942}") = "black_level_correction", "src\modules\black_level_correction\black_level_correction.vcxproj", "{259BCA83-A1A1-3DA8-B925-8EE0D288867B}"
	ProjectSection(ProjectDependencies) = postProject
		{D3B1F869-ED64-3678-8ADC-BF5F4DC3CADC} = {D3B1F869-ED64-3678-8ADC-BF5F4DC3CADC}
	EndProjectSection
EndProject
Project("{8BC9CEB8-8B4A-11D0-8D11-00A0C91BC942}") = "color_correction_matrix", "src\modules\color_correction_matrix\color_correction_matrix.vcxproj", "{A11B7BDD-7507-38B3-B2A0-BCE28646850F}"
	ProjectSection(ProjectDependencies) = postProject
		{D3B1F869-ED64-3678-8ADC-BF5F4DC3CADC} = {D3B1F869-ED64-3678-8ADC-BF5F4DC3CADC}
	EndProjectSection
EndProject
Project("{8BC9CEB8-8B4A-11D0-8D11-00A0C91BC942}") = "color_space_conversion", "src\modules\color_space_conversion\color_space_conversion.vcxproj", "{69791E6D-D6E8-3924-806C-2F4DB1705A2F}"
	ProjectSection(ProjectDependencies) = postProject
		{D3B1F869-ED64-3678-8ADC-BF5F4DC3CADC} = {D3B1F869-ED64-3678-8ADC-BF5F4DC3CADC}
	EndProjectSection
EndProject
Project("{8BC9CEB8-8B4A-11D0-8D11-00A0C91BC942}") = "common", "src\common\common.vcxproj", "{273F0CAB-BAFB-387E-B91E-EC41080B663C}"
	ProjectSection(ProjectDependencies) = postProject
		{D3B1F869-ED64-3678-8ADC-BF5F4DC3CADC} = {D3B1F869-ED64-3678-8ADC-BF5F4DC3CADC}
	EndProjectSection
EndProject
Project("{8BC9CEB8-8B4A-11D0-8D11-00A0C91BC942}") = "crop", "src\modules\crop\crop.vcxproj", "{B183ED23-9C47-3A55-BD3A-8F471A4294C9}"
	ProjectSection(ProjectDependencies) = postProject
		{D3B1F869-ED64-3678-8ADC-BF5F4DC3CADC} = {D3B1F869-ED64-3678-8ADC-BF5F4DC3CADC}
		{273F0CAB-BAFB-387E-B91E-EC41080B663C} = {273F0CAB-BAFB-387E-B91E-EC41080B663C}
	EndProjectSection
EndProject
Project("{8BC9CEB8-8B4A-11D0-8D11-00A0C91BC942}") = "dead_pixel_correction", "src\modules\dead_pixel_correction\dead_pixel_correction.vcxproj", "{CCEB06F6-C109-32DE-8B30-0E2BCF406D83}"
	ProjectSection(ProjectDependencies) = postProject
		{D3B1F869-ED64-3678-8ADC-BF5F4DC3CADC} = {D3B1F869-ED64-3678-8ADC-BF5F4DC3CADC}
		{273F0CAB-BAFB-387E-B91E-EC41080B663C} = {273F0CAB-BAFB-387E-B91E-EC41080B663C}
	EndProjectSection
EndProject
Project("{8BC9CEB8-8B4A-11D0-8D11-00A0C91BC942}") = "demosaic", "src\modules\demosaic\demosaic.vcxproj", "{7D384236-0171-3B55-AC4F-A215901AAE97}"
	ProjectSection(ProjectDependencies) = postProject
		{D3B1F869-ED64-3678-8ADC-BF5F4DC3CADC} = {D3B1F869-ED64-3678-8ADC-BF5F4DC3CADC}
	EndProjectSection
EndProject
Project("{8BC9CEB8-8B4A-11D0-8D11-00A0C91BC942}") = "digital_gain", "src\modules\digital_gain\digital_gain.vcxproj", "{7491DBD5-5CF5-3871-AF03-D4B8D7193CE6}"
	ProjectSection(ProjectDependencies) = postProject
		{D3B1F869-ED64-3678-8ADC-BF5F4DC3CADC} = {D3B1F869-ED64-3678-8ADC-BF5F4DC3CADC}
		{273F0CAB-BAFB-387E-B91E-EC41080B663C} = {273F0CAB-BAFB-387E-B91E-EC41080B663C}
	EndProjectSection
EndProject
Project("{8BC9CEB8-8B4A-11D0-8D11-00A0C91BC942}") = "gamma_correction", "src\modules\gamma_correction\gamma_correction.vcxproj", "{EEDE3B29-7E52-310F-8712-0BE50BA7C908}"
	ProjectSection(ProjectDependencies) = postProject
		{D3B1F869-ED64-3678-8ADC-BF5F4DC3CADC} = {D3B1F869-ED64-3678-8ADC-BF5F4DC3CADC}
		{273F0CAB-BAFB-387E-B91E-EC41080B663C} = {273F0CAB-BAFB-387E-B91E-EC41080B663C}
	EndProjectSection
EndProject
Project("{8BC9CEB8-8B4A-11D0-8D11-00A0C91BC942}") = "hdr_durand", "src\modules\hdr_durand\hdr_durand.vcxproj", "{28DE5A23-C001-3A09-9417-2BED7691FB48}"
	ProjectSection(ProjectDependencies) = postProject
		{D3B1F869-ED64-3678-8ADC-BF5F4DC3CADC} = {D3B1F869-ED64-3678-8ADC-BF5F4DC3CADC}
	EndProjectSection
EndProject
Project("{8BC9CEB8-8B4A-11D0-8D11-00A0C91BC942}") = "hdr_isp_pipeline", "hdr_isp_pipeline.vcxproj", "{ABFBE30F-9B0E-3695-B11E-3D56624F0CCC}"
	ProjectSection(ProjectDependencies) = postProject
		{D3B1F869-ED64-3678-8ADC-BF5F4DC3CADC} = {D3B1F869-ED64-3678-8ADC-BF5F4DC3CADC}
		{273F0CAB-BAFB-387E-B91E-EC41080B663C} = {273F0CAB-BAFB-387E-B91E-EC41080B663C}
		{68C3CBF4-FE73-3F9F-B743-31A3E16D32AE} = {68C3CBF4-FE73-3F9F-B743-31A3E16D32AE}
		{2A790E82-59B7-3958-84B7-62DDC6777265} = {2A790E82-59B7-3958-84B7-62DDC6777265}
	EndProjectSection
EndProject
Project("{8BC9CEB8-8B4A-11D0-8D11-00A0C91BC942}") = "infinite_isp", "src\infinite_isp.vcxproj", "{68C3CBF4-FE73-3F9F-B743-31A3E16D32AE}"
	ProjectSection(ProjectDependencies) = postProject
		{D3B1F869-ED64-3678-8ADC-BF5F4DC3CADC} = {D3B1F869-ED64-3678-8ADC-BF5F4DC3CADC}
		{273F0CAB-BAFB-387E-B91E-EC41080B663C} = {273F0CAB-BAFB-387E-B91E-EC41080B663C}
	EndProjectSection
EndProject
Project("{8BC9CEB8-8B4A-11D0-8D11-00A0C91BC942}") = "isp_modules", "src\modules\isp_modules.vcxproj", "{2A790E82-59B7-3958-84B7-62DDC6777265}"
	ProjectSection(ProjectDependencies) = postProject
		{5CEC7A11-1EC6-37FC-9BCC-4F95DD6A76BE} = {5CEC7A11-1EC6-37FC-9BCC-4F95DD6A76BE}
		{D3B1F869-ED64-3678-8ADC-BF5F4DC3CADC} = {D3B1F869-ED64-3678-8ADC-BF5F4DC3CADC}
		{CF257428-253C-3EF9-A365-27E965299BB5} = {CF257428-253C-3EF9-A365-27E965299BB5}
		{C645836A-9C74-36DA-B39C-E475848671F3} = {C645836A-9C74-36DA-B39C-E475848671F3}
		{BB996631-546C-3BA3-8E62-A2A9EC893620} = {BB996631-546C-3BA3-8E62-A2A9EC893620}
		{259BCA83-A1A1-3DA8-B925-8EE0D288867B} = {259BCA83-A1A1-3DA8-B925-8EE0D288867B}
		{A11B7BDD-7507-38B3-B2A0-BCE28646850F} = {A11B7BDD-7507-38B3-B2A0-BCE28646850F}
		{69791E6D-D6E8-3924-806C-2F4DB1705A2F} = {69791E6D-D6E8-3924-806C-2F4DB1705A2F}
		{B183ED23-9C47-3A55-BD3A-8F471A4294C9} = {B183ED23-9C47-3A55-BD3A-8F471A4294C9}
		{CCEB06F6-C109-32DE-8B30-0E2BCF406D83} = {CCEB06F6-C109-32DE-8B30-0E2BCF406D83}
		{7D384236-0171-3B55-AC4F-A215901AAE97} = {7D384236-0171-3B55-AC4F-A215901AAE97}
		{7491DBD5-5CF5-3871-AF03-D4B8D7193CE6} = {7491DBD5-5CF5-3871-AF03-D4B8D7193CE6}
		{EEDE3B29-7E52-310F-8712-0BE50BA7C908} = {EEDE3B29-7E52-310F-8712-0BE50BA7C908}
		{28DE5A23-C001-3A09-9417-2BED7691FB48} = {28DE5A23-C001-3A09-9417-2BED7691FB48}
		{002F62F4-0214-319A-9DC3-5B4F686CC8F6} = {002F62F4-0214-319A-9DC3-5B4F686CC8F6}
		{E89B12AE-DA57-32C5-9FCC-904AFCC9ACC3} = {E89B12AE-DA57-32C5-9FCC-904AFCC9ACC3}
		{26199D35-8605-3CEC-A021-1AF429CD283E} = {26199D35-8605-3CEC-A021-1AF429CD283E}
		{FC4E4370-06C7-3477-8351-458C3A35D5C7} = {FC4E4370-06C7-3477-8351-458C3A35D5C7}
		{ADF6E549-D440-39A8-B8B7-42F2FF879498} = {ADF6E549-D440-39A8-B8B7-42F2FF879498}
		{DF863992-AD54-3BCD-8DE3-EE624B1547B0} = {DF863992-AD54-3BCD-8DE3-EE624B1547B0}
		{03A5AEE6-4CA4-35E8-8013-9B64112AC091} = {03A5AEE6-4CA4-35E8-8013-9B64112AC091}
		{AB1B2ABC-B23D-34A8-BF29-6C60C1CFF2FC} = {AB1B2ABC-B23D-34A8-BF29-6C60C1CFF2FC}
		{FBB88A31-1BB8-3B80-9C4C-3061ECB5BA42} = {FBB88A31-1BB8-3B80-9C4C-3061ECB5BA42}
	EndProjectSection
EndProject
Project("{8BC9CEB8-8B4A-11D0-8D11-00A0C91BC942}") = "ldci", "src\modules\ldci\ldci.vcxproj", "{002F62F4-0214-319A-9DC3-5B4F686CC8F6}"
	ProjectSection(ProjectDependencies) = postProject
		{D3B1F869-ED64-3678-8ADC-BF5F4DC3CADC} = {D3B1F869-ED64-3678-8ADC-BF5F4DC3CADC}
	EndProjectSection
EndProject
Project("{8BC9CEB8-8B4A-11D0-8D11-00A0C91BC942}") = "lens_shading_correction", "src\modules\lens_shading_correction\lens_shading_correction.vcxproj", "{E89B12AE-DA57-32C5-9FCC-904AFCC9ACC3}"
	ProjectSection(ProjectDependencies) = postProject
		{D3B1F869-ED64-3678-8ADC-BF5F4DC3CADC} = {D3B1F869-ED64-3678-8ADC-BF5F4DC3CADC}
	EndProjectSection
EndProject
Project("{8BC9CEB8-8B4A-11D0-8D11-00A0C91BC942}") = "oecf", "src\modules\oecf\oecf.vcxproj", "{26199D35-8605-3CEC-A021-1AF429CD283E}"
	ProjectSection(ProjectDependencies) = postProject
		{D3B1F869-ED64-3678-8ADC-BF5F4DC3CADC} = {D3B1F869-ED64-3678-8ADC-BF5F4DC3CADC}
	EndProjectSection
EndProject
Project("{8BC9CEB8-8B4A-11D0-8D11-00A0C91BC942}") = "pwc_generation", "src\modules\pwc_generation\pwc_generation.vcxproj", "{FC4E4370-06C7-3477-8351-458C3A35D5C7}"
	ProjectSection(ProjectDependencies) = postProject
		{D3B1F869-ED64-3678-8ADC-BF5F4DC3CADC} = {D3B1F869-ED64-3678-8ADC-BF5F4DC3CADC}
	EndProjectSection
EndProject
Project("{8BC9CEB8-8B4A-11D0-8D11-00A0C91BC942}") = "rgb_conversion", "src\modules\rgb_conversion\rgb_conversion.vcxproj", "{ADF6E549-D440-39A8-B8B7-42F2FF879498}"
	ProjectSection(ProjectDependencies) = postProject
		{D3B1F869-ED64-3678-8ADC-BF5F4DC3CADC} = {D3B1F869-ED64-3678-8ADC-BF5F4DC3CADC}
		{273F0CAB-BAFB-387E-B91E-EC41080B663C} = {273F0CAB-BAFB-387E-B91E-EC41080B663C}
	EndProjectSection
EndProject
Project("{8BC9CEB8-8B4A-11D0-8D11-00A0C91BC942}") = "scale", "src\modules\scale\scale.vcxproj", "{DF863992-AD54-3BCD-8DE3-EE624B1547B0}"
	ProjectSection(ProjectDependencies) = postProject
		{D3B1F869-ED64-3678-8ADC-BF5F4DC3CADC} = {D3B1F869-ED64-3678-8ADC-BF5F4DC3CADC}
	EndProjectSection
EndProject
Project("{8BC9CEB8-8B4A-11D0-8D11-00A0C91BC942}") = "sharpen", "src\modules\sharpen\sharpen.vcxproj", "{03A5AEE6-4CA4-35E8-8013-9B64112AC091}"
	ProjectSection(ProjectDependencies) = postProject
		{D3B1F869-ED64-3678-8ADC-BF5F4DC3CADC} = {D3B1F869-ED64-3678-8ADC-BF5F4DC3CADC}
	EndProjectSection
EndProject
Project("{8BC9CEB8-8B4A-11D0-8D11-00A0C91BC942}") = "white_balance", "src\modules\white_balance\white_balance.vcxproj", "{AB1B2ABC-B23D-34A8-BF29-6C60C1CFF2FC}"
	ProjectSection(ProjectDependencies) = postProject
		{D3B1F869-ED64-3678-8ADC-BF5F4DC3CADC} = {D3B1F869-ED64-3678-8ADC-BF5F4DC3CADC}
	EndProjectSection
EndProject
Project("{8BC9CEB8-8B4A-11D0-8D11-00A0C91BC942}") = "yuv_conv_format", "src\modules\yuv_conv_format\yuv_conv_format.vcxproj", "{FBB88A31-1BB8-3B80-9C4C-3061ECB5BA42}"
	ProjectSection(ProjectDependencies) = postProject
		{D3B1F869-ED64-3678-8ADC-BF5F4DC3CADC} = {D3B1F869-ED64-3678-8ADC-BF5F4DC3CADC}
	EndProjectSection
EndProject
Global
	GlobalSection(SolutionConfigurationPlatforms) = preSolution
		Debug|x64 = Debug|x64
		Release|x64 = Release|x64
		MinSizeRel|x64 = MinSizeRel|x64
		RelWithDebInfo|x64 = RelWithDebInfo|x64
	EndGlobalSection
	GlobalSection(ProjectConfigurationPlatforms) = postSolution
		{CCE1F103-C677-3F49-A9BE-4134C1B0BFAC}.Debug|x64.ActiveCfg = Debug|x64
		{CCE1F103-C677-3F49-A9BE-4134C1B0BFAC}.Release|x64.ActiveCfg = Release|x64
		{CCE1F103-C677-3F49-A9BE-4134C1B0BFAC}.MinSizeRel|x64.ActiveCfg = MinSizeRel|x64
		{CCE1F103-C677-3F49-A9BE-4134C1B0BFAC}.RelWithDebInfo|x64.ActiveCfg = RelWithDebInfo|x64
		{5CEC7A11-1EC6-37FC-9BCC-4F95DD6A76BE}.Debug|x64.ActiveCfg = Debug|x64
		{5CEC7A11-1EC6-37FC-9BCC-4F95DD6A76BE}.Debug|x64.Build.0 = Debug|x64
		{5CEC7A11-1EC6-37FC-9BCC-4F95DD6A76BE}.Release|x64.ActiveCfg = Release|x64
		{5CEC7A11-1EC6-37FC-9BCC-4F95DD6A76BE}.Release|x64.Build.0 = Release|x64
		{5CEC7A11-1EC6-37FC-9BCC-4F95DD6A76BE}.MinSizeRel|x64.ActiveCfg = MinSizeRel|x64
		{5CEC7A11-1EC6-37FC-9BCC-4F95DD6A76BE}.MinSizeRel|x64.Build.0 = MinSizeRel|x64
		{5CEC7A11-1EC6-37FC-9BCC-4F95DD6A76BE}.RelWithDebInfo|x64.ActiveCfg = RelWithDebInfo|x64
		{5CEC7A11-1EC6-37FC-9BCC-4F95DD6A76BE}.RelWithDebInfo|x64.Build.0 = RelWithDebInfo|x64
		{D3B1F869-ED64-3678-8ADC-BF5F4DC3CADC}.Debug|x64.ActiveCfg = Debug|x64
		{D3B1F869-ED64-3678-8ADC-BF5F4DC3CADC}.Debug|x64.Build.0 = Debug|x64
		{D3B1F869-ED64-3678-8ADC-BF5F4DC3CADC}.Release|x64.ActiveCfg = Release|x64
		{D3B1F869-ED64-3678-8ADC-BF5F4DC3CADC}.Release|x64.Build.0 = Release|x64
		{D3B1F869-ED64-3678-8ADC-BF5F4DC3CADC}.MinSizeRel|x64.ActiveCfg = MinSizeRel|x64
		{D3B1F869-ED64-3678-8ADC-BF5F4DC3CADC}.MinSizeRel|x64.Build.0 = MinSizeRel|x64
		{D3B1F869-ED64-3678-8ADC-BF5F4DC3CADC}.RelWithDebInfo|x64.ActiveCfg = RelWithDebInfo|x64
		{D3B1F869-ED64-3678-8ADC-BF5F4DC3CADC}.RelWithDebInfo|x64.Build.0 = RelWithDebInfo|x64
		{CF257428-253C-3EF9-A365-27E965299BB5}.Debug|x64.ActiveCfg = Debug|x64
		{CF257428-253C-3EF9-A365-27E965299BB5}.Debug|x64.Build.0 = Debug|x64
		{CF257428-253C-3EF9-A365-27E965299BB5}.Release|x64.ActiveCfg = Release|x64
		{CF257428-253C-3EF9-A365-27E965299BB5}.Release|x64.Build.0 = Release|x64
		{CF257428-253C-3EF9-A365-27E965299BB5}.MinSizeRel|x64.ActiveCfg = MinSizeRel|x64
		{CF257428-253C-3EF9-A365-27E965299BB5}.MinSizeRel|x64.Build.0 = MinSizeRel|x64
		{CF257428-253C-3EF9-A365-27E965299BB5}.RelWithDebInfo|x64.ActiveCfg = RelWithDebInfo|x64
		{CF257428-253C-3EF9-A365-27E965299BB5}.RelWithDebInfo|x64.Build.0 = RelWithDebInfo|x64
		{C645836A-9C74-36DA-B39C-E475848671F3}.Debug|x64.ActiveCfg = Debug|x64
		{C645836A-9C74-36DA-B39C-E475848671F3}.Debug|x64.Build.0 = Debug|x64
		{C645836A-9C74-36DA-B39C-E475848671F3}.Release|x64.ActiveCfg = Release|x64
		{C645836A-9C74-36DA-B39C-E475848671F3}.Release|x64.Build.0 = Release|x64
		{C645836A-9C74-36DA-B39C-E475848671F3}.MinSizeRel|x64.ActiveCfg = MinSizeRel|x64
		{C645836A-9C74-36DA-B39C-E475848671F3}.MinSizeRel|x64.Build.0 = MinSizeRel|x64
		{C645836A-9C74-36DA-B39C-E475848671F3}.RelWithDebInfo|x64.ActiveCfg = RelWithDebInfo|x64
		{C645836A-9C74-36DA-B39C-E475848671F3}.RelWithDebInfo|x64.Build.0 = RelWithDebInfo|x64
		{BB996631-546C-3BA3-8E62-A2A9EC893620}.Debug|x64.ActiveCfg = Debug|x64
		{BB996631-546C-3BA3-8E62-A2A9EC893620}.Debug|x64.Build.0 = Debug|x64
		{BB996631-546C-3BA3-8E62-A2A9EC893620}.Release|x64.ActiveCfg = Release|x64
		{BB996631-546C-3BA3-8E62-A2A9EC893620}.Release|x64.Build.0 = Release|x64
		{BB996631-546C-3BA3-8E62-A2A9EC893620}.MinSizeRel|x64.ActiveCfg = MinSizeRel|x64
		{BB996631-546C-3BA3-8E62-A2A9EC893620}.MinSizeRel|x64.Build.0 = MinSizeRel|x64
		{BB996631-546C-3BA3-8E62-A2A9EC893620}.RelWithDebInfo|x64.ActiveCfg = RelWithDebInfo|x64
		{BB996631-546C-3BA3-8E62-A2A9EC893620}.RelWithDebInfo|x64.Build.0 = RelWithDebInfo|x64
		{259BCA83-A1A1-3DA8-B925-8EE0D288867B}.Debug|x64.ActiveCfg = Debug|x64
		{259BCA83-A1A1-3DA8-B925-8EE0D288867B}.Debug|x64.Build.0 = Debug|x64
		{259BCA83-A1A1-3DA8-B925-8EE0D288867B}.Release|x64.ActiveCfg = Release|x64
		{259BCA83-A1A1-3DA8-B925-8EE0D288867B}.Release|x64.Build.0 = Release|x64
		{259BCA83-A1A1-3DA8-B925-8EE0D288867B}.MinSizeRel|x64.ActiveCfg = MinSizeRel|x64
		{259BCA83-A1A1-3DA8-B925-8EE0D288867B}.MinSizeRel|x64.Build.0 = MinSizeRel|x64
		{259BCA83-A1A1-3DA8-B925-8EE0D288867B}.RelWithDebInfo|x64.ActiveCfg = RelWithDebInfo|x64
		{259BCA83-A1A1-3DA8-B925-8EE0D288867B}.RelWithDebInfo|x64.Build.0 = RelWithDebInfo|x64
		{A11B7BDD-7507-38B3-B2A0-BCE28646850F}.Debug|x64.ActiveCfg = Debug|x64
		{A11B7BDD-7507-38B3-B2A0-BCE28646850F}.Debug|x64.Build.0 = Debug|x64
		{A11B7BDD-7507-38B3-B2A0-BCE28646850F}.Release|x64.ActiveCfg = Release|x64
		{A11B7BDD-7507-38B3-B2A0-BCE28646850F}.Release|x64.Build.0 = Release|x64
		{A11B7BDD-7507-38B3-B2A0-BCE28646850F}.MinSizeRel|x64.ActiveCfg = MinSizeRel|x64
		{A11B7BDD-7507-38B3-B2A0-BCE28646850F}.MinSizeRel|x64.Build.0 = MinSizeRel|x64
		{A11B7BDD-7507-38B3-B2A0-BCE28646850F}.RelWithDebInfo|x64.ActiveCfg = RelWithDebInfo|x64
		{A11B7BDD-7507-38B3-B2A0-BCE28646850F}.RelWithDebInfo|x64.Build.0 = RelWithDebInfo|x64
		{69791E6D-D6E8-3924-806C-2F4DB1705A2F}.Debug|x64.ActiveCfg = Debug|x64
		{69791E6D-D6E8-3924-806C-2F4DB1705A2F}.Debug|x64.Build.0 = Debug|x64
		{69791E6D-D6E8-3924-806C-2F4DB1705A2F}.Release|x64.ActiveCfg = Release|x64
		{69791E6D-D6E8-3924-806C-2F4DB1705A2F}.Release|x64.Build.0 = Release|x64
		{69791E6D-D6E8-3924-806C-2F4DB1705A2F}.MinSizeRel|x64.ActiveCfg = MinSizeRel|x64
		{69791E6D-D6E8-3924-806C-2F4DB1705A2F}.MinSizeRel|x64.Build.0 = MinSizeRel|x64
		{69791E6D-D6E8-3924-806C-2F4DB1705A2F}.RelWithDebInfo|x64.ActiveCfg = RelWithDebInfo|x64
		{69791E6D-D6E8-3924-806C-2F4DB1705A2F}.RelWithDebInfo|x64.Build.0 = RelWithDebInfo|x64
		{273F0CAB-BAFB-387E-B91E-EC41080B663C}.Debug|x64.ActiveCfg = Debug|x64
		{273F0CAB-BAFB-387E-B91E-EC41080B663C}.Debug|x64.Build.0 = Debug|x64
		{273F0CAB-BAFB-387E-B91E-EC41080B663C}.Release|x64.ActiveCfg = Release|x64
		{273F0CAB-BAFB-387E-B91E-EC41080B663C}.Release|x64.Build.0 = Release|x64
		{273F0CAB-BAFB-387E-B91E-EC41080B663C}.MinSizeRel|x64.ActiveCfg = MinSizeRel|x64
		{273F0CAB-BAFB-387E-B91E-EC41080B663C}.MinSizeRel|x64.Build.0 = MinSizeRel|x64
		{273F0CAB-BAFB-387E-B91E-EC41080B663C}.RelWithDebInfo|x64.ActiveCfg = RelWithDebInfo|x64
		{273F0CAB-BAFB-387E-B91E-EC41080B663C}.RelWithDebInfo|x64.Build.0 = RelWithDebInfo|x64
		{B183ED23-9C47-3A55-BD3A-8F471A4294C9}.Debug|x64.ActiveCfg = Debug|x64
		{B183ED23-9C47-3A55-BD3A-8F471A4294C9}.Debug|x64.Build.0 = Debug|x64
		{B183ED23-9C47-3A55-BD3A-8F471A4294C9}.Release|x64.ActiveCfg = Release|x64
		{B183ED23-9C47-3A55-BD3A-8F471A4294C9}.Release|x64.Build.0 = Release|x64
		{B183ED23-9C47-3A55-BD3A-8F471A4294C9}.MinSizeRel|x64.ActiveCfg = MinSizeRel|x64
		{B183ED23-9C47-3A55-BD3A-8F471A4294C9}.MinSizeRel|x64.Build.0 = MinSizeRel|x64
		{B183ED23-9C47-3A55-BD3A-8F471A4294C9}.RelWithDebInfo|x64.ActiveCfg = RelWithDebInfo|x64
		{B183ED23-9C47-3A55-BD3A-8F471A4294C9}.RelWithDebInfo|x64.Build.0 = RelWithDebInfo|x64
		{CCEB06F6-C109-32DE-8B30-0E2BCF406D83}.Debug|x64.ActiveCfg = Debug|x64
		{CCEB06F6-C109-32DE-8B30-0E2BCF406D83}.Debug|x64.Build.0 = Debug|x64
		{CCEB06F6-C109-32DE-8B30-0E2BCF406D83}.Release|x64.ActiveCfg = Release|x64
		{CCEB06F6-C109-32DE-8B30-0E2BCF406D83}.Release|x64.Build.0 = Release|x64
		{CCEB06F6-C109-32DE-8B30-0E2BCF406D83}.MinSizeRel|x64.ActiveCfg = MinSizeRel|x64
		{CCEB06F6-C109-32DE-8B30-0E2BCF406D83}.MinSizeRel|x64.Build.0 = MinSizeRel|x64
		{CCEB06F6-C109-32DE-8B30-0E2BCF406D83}.RelWithDebInfo|x64.ActiveCfg = RelWithDebInfo|x64
		{CCEB06F6-C109-32DE-8B30-0E2BCF406D83}.RelWithDebInfo|x64.Build.0 = RelWithDebInfo|x64
		{7D384236-0171-3B55-AC4F-A215901AAE97}.Debug|x64.ActiveCfg = Debug|x64
		{7D384236-0171-3B55-AC4F-A215901AAE97}.Debug|x64.Build.0 = Debug|x64
		{7D384236-0171-3B55-AC4F-A215901AAE97}.Release|x64.ActiveCfg = Release|x64
		{7D384236-0171-3B55-AC4F-A215901AAE97}.Release|x64.Build.0 = Release|x64
		{7D384236-0171-3B55-AC4F-A215901AAE97}.MinSizeRel|x64.ActiveCfg = MinSizeRel|x64
		{7D384236-0171-3B55-AC4F-A215901AAE97}.MinSizeRel|x64.Build.0 = MinSizeRel|x64
		{7D384236-0171-3B55-AC4F-A215901AAE97}.RelWithDebInfo|x64.ActiveCfg = RelWithDebInfo|x64
		{7D384236-0171-3B55-AC4F-A215901AAE97}.RelWithDebInfo|x64.Build.0 = RelWithDebInfo|x64
		{7491DBD5-5CF5-3871-AF03-D4B8D7193CE6}.Debug|x64.ActiveCfg = Debug|x64
		{7491DBD5-5CF5-3871-AF03-D4B8D7193CE6}.Debug|x64.Build.0 = Debug|x64
		{7491DBD5-5CF5-3871-AF03-D4B8D7193CE6}.Release|x64.ActiveCfg = Release|x64
		{7491DBD5-5CF5-3871-AF03-D4B8D7193CE6}.Release|x64.Build.0 = Release|x64
		{7491DBD5-5CF5-3871-AF03-D4B8D7193CE6}.MinSizeRel|x64.ActiveCfg = MinSizeRel|x64
		{7491DBD5-5CF5-3871-AF03-D4B8D7193CE6}.MinSizeRel|x64.Build.0 = MinSizeRel|x64
		{7491DBD5-5CF5-3871-AF03-D4B8D7193CE6}.RelWithDebInfo|x64.ActiveCfg = RelWithDebInfo|x64
		{7491DBD5-5CF5-3871-AF03-D4B8D7193CE6}.RelWithDebInfo|x64.Build.0 = RelWithDebInfo|x64
		{EEDE3B29-7E52-310F-8712-0BE50BA7C908}.Debug|x64.ActiveCfg = Debug|x64
		{EEDE3B29-7E52-310F-8712-0BE50BA7C908}.Debug|x64.Build.0 = Debug|x64
		{EEDE3B29-7E52-310F-8712-0BE50BA7C908}.Release|x64.ActiveCfg = Release|x64
		{EEDE3B29-7E52-310F-8712-0BE50BA7C908}.Release|x64.Build.0 = Release|x64
		{EEDE3B29-7E52-310F-8712-0BE50BA7C908}.MinSizeRel|x64.ActiveCfg = MinSizeRel|x64
		{EEDE3B29-7E52-310F-8712-0BE50BA7C908}.MinSizeRel|x64.Build.0 = MinSizeRel|x64
		{EEDE3B29-7E52-310F-8712-0BE50BA7C908}.RelWithDebInfo|x64.ActiveCfg = RelWithDebInfo|x64
		{EEDE3B29-7E52-310F-8712-0BE50BA7C908}.RelWithDebInfo|x64.Build.0 = RelWithDebInfo|x64
		{28DE5A23-C001-3A09-9417-2BED7691FB48}.Debug|x64.ActiveCfg = Debug|x64
		{28DE5A23-C001-3A09-9417-2BED7691FB48}.Debug|x64.Build.0 = Debug|x64
		{28DE5A23-C001-3A09-9417-2BED7691FB48}.Release|x64.ActiveCfg = Release|x64
		{28DE5A23-C001-3A09-9417-2BED7691FB48}.Release|x64.Build.0 = Release|x64
		{28DE5A23-C001-3A09-9417-2BED7691FB48}.MinSizeRel|x64.ActiveCfg = MinSizeRel|x64
		{28DE5A23-C001-3A09-9417-2BED7691FB48}.MinSizeRel|x64.Build.0 = MinSizeRel|x64
		{28DE5A23-C001-3A09-9417-2BED7691FB48}.RelWithDebInfo|x64.ActiveCfg = RelWithDebInfo|x64
		{28DE5A23-C001-3A09-9417-2BED7691FB48}.RelWithDebInfo|x64.Build.0 = RelWithDebInfo|x64
		{ABFBE30F-9B0E-3695-B11E-3D56624F0CCC}.Debug|x64.ActiveCfg = Debug|x64
		{ABFBE30F-9B0E-3695-B11E-3D56624F0CCC}.Debug|x64.Build.0 = Debug|x64
		{ABFBE30F-9B0E-3695-B11E-3D56624F0CCC}.Release|x64.ActiveCfg = Release|x64
		{ABFBE30F-9B0E-3695-B11E-3D56624F0CCC}.Release|x64.Build.0 = Release|x64
		{ABFBE30F-9B0E-3695-B11E-3D56624F0CCC}.MinSizeRel|x64.ActiveCfg = MinSizeRel|x64
		{ABFBE30F-9B0E-3695-B11E-3D56624F0CCC}.MinSizeRel|x64.Build.0 = MinSizeRel|x64
		{ABFBE30F-9B0E-3695-B11E-3D56624F0CCC}.RelWithDebInfo|x64.ActiveCfg = RelWithDebInfo|x64
		{ABFBE30F-9B0E-3695-B11E-3D56624F0CCC}.RelWithDebInfo|x64.Build.0 = RelWithDebInfo|x64
		{68C3CBF4-FE73-3F9F-B743-31A3E16D32AE}.Debug|x64.ActiveCfg = Debug|x64
		{68C3CBF4-FE73-3F9F-B743-31A3E16D32AE}.Debug|x64.Build.0 = Debug|x64
		{68C3CBF4-FE73-3F9F-B743-31A3E16D32AE}.Release|x64.ActiveCfg = Release|x64
		{68C3CBF4-FE73-3F9F-B743-31A3E16D32AE}.Release|x64.Build.0 = Release|x64
		{68C3CBF4-FE73-3F9F-B743-31A3E16D32AE}.MinSizeRel|x64.ActiveCfg = MinSizeRel|x64
		{68C3CBF4-FE73-3F9F-B743-31A3E16D32AE}.MinSizeRel|x64.Build.0 = MinSizeRel|x64
		{68C3CBF4-FE73-3F9F-B743-31A3E16D32AE}.RelWithDebInfo|x64.ActiveCfg = RelWithDebInfo|x64
		{68C3CBF4-FE73-3F9F-B743-31A3E16D32AE}.RelWithDebInfo|x64.Build.0 = RelWithDebInfo|x64
		{2A790E82-59B7-3958-84B7-62DDC6777265}.Debug|x64.ActiveCfg = Debug|x64
		{2A790E82-59B7-3958-84B7-62DDC6777265}.Debug|x64.Build.0 = Debug|x64
		{2A790E82-59B7-3958-84B7-62DDC6777265}.Release|x64.ActiveCfg = Release|x64
		{2A790E82-59B7-3958-84B7-62DDC6777265}.Release|x64.Build.0 = Release|x64
		{2A790E82-59B7-3958-84B7-62DDC6777265}.MinSizeRel|x64.ActiveCfg = MinSizeRel|x64
		{2A790E82-59B7-3958-84B7-62DDC6777265}.MinSizeRel|x64.Build.0 = MinSizeRel|x64
		{2A790E82-59B7-3958-84B7-62DDC6777265}.RelWithDebInfo|x64.ActiveCfg = RelWithDebInfo|x64
		{2A790E82-59B7-3958-84B7-62DDC6777265}.RelWithDebInfo|x64.Build.0 = RelWithDebInfo|x64
		{002F62F4-0214-319A-9DC3-5B4F686CC8F6}.Debug|x64.ActiveCfg = Debug|x64
		{002F62F4-0214-319A-9DC3-5B4F686CC8F6}.Debug|x64.Build.0 = Debug|x64
		{002F62F4-0214-319A-9DC3-5B4F686CC8F6}.Release|x64.ActiveCfg = Release|x64
		{002F62F4-0214-319A-9DC3-5B4F686CC8F6}.Release|x64.Build.0 = Release|x64
		{002F62F4-0214-319A-9DC3-5B4F686CC8F6}.MinSizeRel|x64.ActiveCfg = MinSizeRel|x64
		{002F62F4-0214-319A-9DC3-5B4F686CC8F6}.MinSizeRel|x64.Build.0 = MinSizeRel|x64
		{002F62F4-0214-319A-9DC3-5B4F686CC8F6}.RelWithDebInfo|x64.ActiveCfg = RelWithDebInfo|x64
		{002F62F4-0214-319A-9DC3-5B4F686CC8F6}.RelWithDebInfo|x64.Build.0 = RelWithDebInfo|x64
		{E89B12AE-DA57-32C5-9FCC-904AFCC9ACC3}.Debug|x64.ActiveCfg = Debug|x64
		{E89B12AE-DA57-32C5-9FCC-904AFCC9ACC3}.Debug|x64.Build.0 = Debug|x64
		{E89B12AE-DA57-32C5-9FCC-904AFCC9ACC3}.Release|x64.ActiveCfg = Release|x64
		{E89B12AE-DA57-32C5-9FCC-904AFCC9ACC3}.Release|x64.Build.0 = Release|x64
		{E89B12AE-DA57-32C5-9FCC-904AFCC9ACC3}.MinSizeRel|x64.ActiveCfg = MinSizeRel|x64
		{E89B12AE-DA57-32C5-9FCC-904AFCC9ACC3}.MinSizeRel|x64.Build.0 = MinSizeRel|x64
		{E89B12AE-DA57-32C5-9FCC-904AFCC9ACC3}.RelWithDebInfo|x64.ActiveCfg = RelWithDebInfo|x64
		{E89B12AE-DA57-32C5-9FCC-904AFCC9ACC3}.RelWithDebInfo|x64.Build.0 = RelWithDebInfo|x64
		{26199D35-8605-3CEC-A021-1AF429CD283E}.Debug|x64.ActiveCfg = Debug|x64
		{26199D35-8605-3CEC-A021-1AF429CD283E}.Debug|x64.Build.0 = Debug|x64
		{26199D35-8605-3CEC-A021-1AF429CD283E}.Release|x64.ActiveCfg = Release|x64
		{26199D35-8605-3CEC-A021-1AF429CD283E}.Release|x64.Build.0 = Release|x64
		{26199D35-8605-3CEC-A021-1AF429CD283E}.MinSizeRel|x64.ActiveCfg = MinSizeRel|x64
		{26199D35-8605-3CEC-A021-1AF429CD283E}.MinSizeRel|x64.Build.0 = MinSizeRel|x64
		{26199D35-8605-3CEC-A021-1AF429CD283E}.RelWithDebInfo|x64.ActiveCfg = RelWithDebInfo|x64
		{26199D35-8605-3CEC-A021-1AF429CD283E}.RelWithDebInfo|x64.Build.0 = RelWithDebInfo|x64
		{FC4E4370-06C7-3477-8351-458C3A35D5C7}.Debug|x64.ActiveCfg = Debug|x64
		{FC4E4370-06C7-3477-8351-458C3A35D5C7}.Debug|x64.Build.0 = Debug|x64
		{FC4E4370-06C7-3477-8351-458C3A35D5C7}.Release|x64.ActiveCfg = Release|x64
		{FC4E4370-06C7-3477-8351-458C3A35D5C7}.Release|x64.Build.0 = Release|x64
		{FC4E4370-06C7-3477-8351-458C3A35D5C7}.MinSizeRel|x64.ActiveCfg = MinSizeRel|x64
		{FC4E4370-06C7-3477-8351-458C3A35D5C7}.MinSizeRel|x64.Build.0 = MinSizeRel|x64
		{FC4E4370-06C7-3477-8351-458C3A35D5C7}.RelWithDebInfo|x64.ActiveCfg = RelWithDebInfo|x64
		{FC4E4370-06C7-3477-8351-458C3A35D5C7}.RelWithDebInfo|x64.Build.0 = RelWithDebInfo|x64
		{ADF6E549-D440-39A8-B8B7-42F2FF879498}.Debug|x64.ActiveCfg = Debug|x64
		{ADF6E549-D440-39A8-B8B7-42F2FF879498}.Debug|x64.Build.0 = Debug|x64
		{ADF6E549-D440-39A8-B8B7-42F2FF879498}.Release|x64.ActiveCfg = Release|x64
		{ADF6E549-D440-39A8-B8B7-42F2FF879498}.Release|x64.Build.0 = Release|x64
		{ADF6E549-D440-39A8-B8B7-42F2FF879498}.MinSizeRel|x64.ActiveCfg = MinSizeRel|x64
		{ADF6E549-D440-39A8-B8B7-42F2FF879498}.MinSizeRel|x64.Build.0 = MinSizeRel|x64
		{ADF6E549-D440-39A8-B8B7-42F2FF879498}.RelWithDebInfo|x64.ActiveCfg = RelWithDebInfo|x64
		{ADF6E549-D440-39A8-B8B7-42F2FF879498}.RelWithDebInfo|x64.Build.0 = RelWithDebInfo|x64
		{DF863992-AD54-3BCD-8DE3-EE624B1547B0}.Debug|x64.ActiveCfg = Debug|x64
		{DF863992-AD54-3BCD-8DE3-EE624B1547B0}.Debug|x64.Build.0 = Debug|x64
		{DF863992-AD54-3BCD-8DE3-EE624B1547B0}.Release|x64.ActiveCfg = Release|x64
		{DF863992-AD54-3BCD-8DE3-EE624B1547B0}.Release|x64.Build.0 = Release|x64
		{DF863992-AD54-3BCD-8DE3-EE624B1547B0}.MinSizeRel|x64.ActiveCfg = MinSizeRel|x64
		{DF863992-AD54-3BCD-8DE3-EE624B1547B0}.MinSizeRel|x64.Build.0 = MinSizeRel|x64
		{DF863992-AD54-3BCD-8DE3-EE624B1547B0}.RelWithDebInfo|x64.ActiveCfg = RelWithDebInfo|x64
		{DF863992-AD54-3BCD-8DE3-EE624B1547B0}.RelWithDebInfo|x64.Build.0 = RelWithDebInfo|x64
		{03A5AEE6-4CA4-35E8-8013-9B64112AC091}.Debug|x64.ActiveCfg = Debug|x64
		{03A5AEE6-4CA4-35E8-8013-9B64112AC091}.Debug|x64.Build.0 = Debug|x64
		{03A5AEE6-4CA4-35E8-8013-9B64112AC091}.Release|x64.ActiveCfg = Release|x64
		{03A5AEE6-4CA4-35E8-8013-9B64112AC091}.Release|x64.Build.0 = Release|x64
		{03A5AEE6-4CA4-35E8-8013-9B64112AC091}.MinSizeRel|x64.ActiveCfg = MinSizeRel|x64
		{03A5AEE6-4CA4-35E8-8013-9B64112AC091}.MinSizeRel|x64.Build.0 = MinSizeRel|x64
		{03A5AEE6-4CA4-35E8-8013-9B64112AC091}.RelWithDebInfo|x64.ActiveCfg = RelWithDebInfo|x64
		{03A5AEE6-4CA4-35E8-8013-9B64112AC091}.RelWithDebInfo|x64.Build.0 = RelWithDebInfo|x64
		{AB1B2ABC-B23D-34A8-BF29-6C60C1CFF2FC}.Debug|x64.ActiveCfg = Debug|x64
		{AB1B2ABC-B23D-34A8-BF29-6C60C1CFF2FC}.Debug|x64.Build.0 = Debug|x64
		{AB1B2ABC-B23D-34A8-BF29-6C60C1CFF2FC}.Release|x64.ActiveCfg = Release|x64
		{AB1B2ABC-B23D-34A8-BF29-6C60C1CFF2FC}.Release|x64.Build.0 = Release|x64
		{AB1B2ABC-B23D-34A8-BF29-6C60C1CFF2FC}.MinSizeRel|x64.ActiveCfg = MinSizeRel|x64
		{AB1B2ABC-B23D-34A8-BF29-6C60C1CFF2FC}.MinSizeRel|x64.Build.0 = MinSizeRel|x64
		{AB1B2ABC-B23D-34A8-BF29-6C60C1CFF2FC}.RelWithDebInfo|x64.ActiveCfg = RelWithDebInfo|x64
		{AB1B2ABC-B23D-34A8-BF29-6C60C1CFF2FC}.RelWithDebInfo|x64.Build.0 = RelWithDebInfo|x64
		{FBB88A31-1BB8-3B80-9C4C-3061ECB5BA42}.Debug|x64.ActiveCfg = Debug|x64
		{FBB88A31-1BB8-3B80-9C4C-3061ECB5BA42}.Debug|x64.Build.0 = Debug|x64
		{FBB88A31-1BB8-3B80-9C4C-3061ECB5BA42}.Release|x64.ActiveCfg = Release|x64
		{FBB88A31-1BB8-3B80-9C4C-3061ECB5BA42}.Release|x64.Build.0 = Release|x64
		{FBB88A31-1BB8-3B80-9C4C-3061ECB5BA42}.MinSizeRel|x64.ActiveCfg = MinSizeRel|x64
		{FBB88A31-1BB8-3B80-9C4C-3061ECB5BA42}.MinSizeRel|x64.Build.0 = MinSizeRel|x64
		{FBB88A31-1BB8-3B80-9C4C-3061ECB5BA42}.RelWithDebInfo|x64.ActiveCfg = RelWithDebInfo|x64
		{FBB88A31-1BB8-3B80-9C4C-3061ECB5BA42}.RelWithDebInfo|x64.Build.0 = RelWithDebInfo|x64
	EndGlobalSection
	GlobalSection(ExtensibilityGlobals) = postSolution
		SolutionGuid = {9D379B69-E02B-3418-A1E8-B02AE5CC1FE6}
	EndGlobalSection
	GlobalSection(ExtensibilityAddIns) = postSolution
	EndGlobalSection
EndGlobal
