
Microsoft Visual Studio Solution File, Format Version 12.00
# Visual Studio Version 17
Project("{8BC9CEB8-8B4A-11D0-8D11-00A0C91BC942}") = "ALL_BUILD", "ALL_BUILD.vcxproj", "{B3CD77B1-487D-3367-9EC7-E3D31F44753F}"
	ProjectSection(ProjectDependencies) = postProject
		{B70AE4C5-E7B3-394C-A793-546EBB96662F} = {B70AE4C5-E7B3-394C-A793-546EBB96662F}
		{3886F6D0-C45E-3A82-8B89-3E00676CDF5C} = {3886F6D0-C45E-3A82-8B89-3E00676CDF5C}
		{2BAC1899-2A6B-368C-BB55-EA8521876709} = {2BAC1899-2A6B-368C-BB55-EA8521876709}
		{9C05A000-79D7-3DC3-99FA-C57010EB1E2F} = {9C05A000-79D7-3DC3-99FA-C57010EB1E2F}
		{04901F56-AAA6-31E9-9BF2-7EE6F9269151} = {04901F56-AAA6-31E9-9BF2-7EE6F9269151}
		{D2F01296-4B18-3A1F-9059-613864A0C55A} = {D2F01296-4B18-3A1F-9059-613864A0C55A}
		{7961E495-CD16-377B-85A3-52E22604E281} = {7961E495-CD16-377B-85A3-52E22604E281}
		{0C2A04D9-04A5-313C-A5AA-CE33B610766E} = {0C2A04D9-04A5-313C-A5AA-CE33B610766E}
		{5B820714-363B-3D16-82B0-C174F05BF9B7} = {5B820714-363B-3D16-82B0-C174F05BF9B7}
		{1059771C-067F-3176-BB57-DF55A117D135} = {1059771C-067F-3176-BB57-DF55A117D135}
		{E2317FC8-E382-3222-BF46-9AF5EFABDD32} = {E2317FC8-E382-3222-BF46-9AF5EFABDD32}
		{83599E60-4F07-3A62-9529-0759DD3AF3F9} = {83599E60-4F07-3A62-9529-0759DD3AF3F9}
		{58DCB758-24E4-37A1-8CA6-E1E36BDD5FDD} = {58DCB758-24E4-37A1-8CA6-E1E36BDD5FDD}
		{4D206C57-0A78-3088-BE8D-0C3292763F26} = {4D206C57-0A78-3088-BE8D-0C3292763F26}
		{1FB9635C-6998-3934-9CDA-B128190AFCA8} = {1FB9635C-6998-3934-9CDA-B128190AFCA8}
		{C516004E-4C4E-35EB-9D08-EF3CB28CE502} = {C516004E-4C4E-35EB-9D08-EF3CB28CE502}
		{60A3CBD7-16A1-374D-8BB7-36867196BA16} = {60A3CBD7-16A1-374D-8BB7-36867196BA16}
		{17B6817C-B810-3D10-913E-68D18E17E1AA} = {17B6817C-B810-3D10-913E-68D18E17E1AA}
		{66AB33D9-7700-3AB2-B78D-60FF7C7CA94B} = {66AB33D9-7700-3AB2-B78D-60FF7C7CA94B}
		{B2F9722C-C852-36E5-82CD-8477739BB9D1} = {B2F9722C-C852-36E5-82CD-8477739BB9D1}
		{E25B2C48-306C-3E63-BC01-1F62672711C6} = {E25B2C48-306C-3E63-BC01-1F62672711C6}
		{D66BB827-5F7C-33B8-A79F-DC28DDEDB1A8} = {D66BB827-5F7C-33B8-A79F-DC28DDEDB1A8}
		{74BDE4A5-07F2-3E58-A12F-203FD9EF87F1} = {74BDE4A5-07F2-3E58-A12F-203FD9EF87F1}
		{2C83A1B3-28A3-3B2F-B12E-8A94B40B23FE} = {2C83A1B3-28A3-3B2F-B12E-8A94B40B23FE}
		{2CC565D7-3669-3C8C-BA97-B1B1DD819A71} = {2CC565D7-3669-3C8C-BA97-B1B1DD819A71}
		{C49F8738-D89D-326F-80B3-D3250535177F} = {C49F8738-D89D-326F-80B3-D3250535177F}
		{0356A248-ECBB-3777-92B0-94159D209FE1} = {0356A248-ECBB-3777-92B0-94159D209FE1}
	EndProjectSection
EndProject
Project("{8BC9CEB8-8B4A-11D0-8D11-00A0C91BC942}") = "2d_noise_reduction", "src\modules\2d_noise_reduction\2d_noise_reduction.vcxproj", "{B70AE4C5-E7B3-394C-A793-546EBB96662F}"
	ProjectSection(ProjectDependencies) = postProject
		{3886F6D0-C45E-3A82-8B89-3E00676CDF5C} = {3886F6D0-C45E-3A82-8B89-3E00676CDF5C}
		{5B820714-363B-3D16-82B0-C174F05BF9B7} = {5B820714-363B-3D16-82B0-C174F05BF9B7}
	EndProjectSection
EndProject
Project("{8BC9CEB8-8B4A-11D0-8D11-00A0C91BC942}") = "ZERO_CHECK", "ZERO_CHECK.vcxproj", "{3886F6D0-C45E-3A82-8B89-3E00676CDF5C}"
	ProjectSection(ProjectDependencies) = postProject
	EndProjectSection
EndProject
Project("{8BC9CEB8-8B4A-11D0-8D11-00A0C91BC942}") = "auto_exposure", "src\modules\auto_exposure\auto_exposure.vcxproj", "{2BAC1899-2A6B-368C-BB55-EA8521876709}"
	ProjectSection(ProjectDependencies) = postProject
		{3886F6D0-C45E-3A82-8B89-3E00676CDF5C} = {3886F6D0-C45E-3A82-8B89-3E00676CDF5C}
	EndProjectSection
EndProject
Project("{8BC9CEB8-8B4A-11D0-8D11-00A0C91BC942}") = "auto_white_balance", "src\modules\auto_white_balance\auto_white_balance.vcxproj", "{9C05A000-79D7-3DC3-99FA-C57010EB1E2F}"
	ProjectSection(ProjectDependencies) = postProject
		{3886F6D0-C45E-3A82-8B89-3E00676CDF5C} = {3886F6D0-C45E-3A82-8B89-3E00676CDF5C}
	EndProjectSection
EndProject
Project("{8BC9CEB8-8B4A-11D0-8D11-00A0C91BC942}") = "bayer_noise_reduction", "src\modules\bayer_noise_reduction\bayer_noise_reduction.vcxproj", "{04901F56-AAA6-31E9-9BF2-7EE6F9269151}"
	ProjectSection(ProjectDependencies) = postProject
		{3886F6D0-C45E-3A82-8B89-3E00676CDF5C} = {3886F6D0-C45E-3A82-8B89-3E00676CDF5C}
	EndProjectSection
EndProject
Project("{8BC9CEB8-8B4A-11D0-8D11-00A0C91BC942}") = "black_level_correction", "src\modules\black_level_correction\black_level_correction.vcxproj", "{D2F01296-4B18-3A1F-9059-613864A0C55A}"
	ProjectSection(ProjectDependencies) = postProject
		{3886F6D0-C45E-3A82-8B89-3E00676CDF5C} = {3886F6D0-C45E-3A82-8B89-3E00676CDF5C}
	EndProjectSection
EndProject
Project("{8BC9CEB8-8B4A-11D0-8D11-00A0C91BC942}") = "color_correction_matrix", "src\modules\color_correction_matrix\color_correction_matrix.vcxproj", "{7961E495-CD16-377B-85A3-52E22604E281}"
	ProjectSection(ProjectDependencies) = postProject
		{3886F6D0-C45E-3A82-8B89-3E00676CDF5C} = {3886F6D0-C45E-3A82-8B89-3E00676CDF5C}
	EndProjectSection
EndProject
Project("{8BC9CEB8-8B4A-11D0-8D11-00A0C91BC942}") = "color_space_conversion", "src\modules\color_space_conversion\color_space_conversion.vcxproj", "{0C2A04D9-04A5-313C-A5AA-CE33B610766E}"
	ProjectSection(ProjectDependencies) = postProject
		{3886F6D0-C45E-3A82-8B89-3E00676CDF5C} = {3886F6D0-C45E-3A82-8B89-3E00676CDF5C}
	EndProjectSection
EndProject
Project("{8BC9CEB8-8B4A-11D0-8D11-00A0C91BC942}") = "common", "src\common\common.vcxproj", "{5B820714-363B-3D16-82B0-C174F05BF9B7}"
	ProjectSection(ProjectDependencies) = postProject
		{3886F6D0-C45E-3A82-8B89-3E00676CDF5C} = {3886F6D0-C45E-3A82-8B89-3E00676CDF5C}
	EndProjectSection
EndProject
Project("{8BC9CEB8-8B4A-11D0-8D11-00A0C91BC942}") = "crop", "src\modules\crop\crop.vcxproj", "{1059771C-067F-3176-BB57-DF55A117D135}"
	ProjectSection(ProjectDependencies) = postProject
		{3886F6D0-C45E-3A82-8B89-3E00676CDF5C} = {3886F6D0-C45E-3A82-8B89-3E00676CDF5C}
		{5B820714-363B-3D16-82B0-C174F05BF9B7} = {5B820714-363B-3D16-82B0-C174F05BF9B7}
	EndProjectSection
EndProject
Project("{8BC9CEB8-8B4A-11D0-8D11-00A0C91BC942}") = "dead_pixel_correction", "src\modules\dead_pixel_correction\dead_pixel_correction.vcxproj", "{E2317FC8-E382-3222-BF46-9AF5EFABDD32}"
	ProjectSection(ProjectDependencies) = postProject
		{3886F6D0-C45E-3A82-8B89-3E00676CDF5C} = {3886F6D0-C45E-3A82-8B89-3E00676CDF5C}
		{5B820714-363B-3D16-82B0-C174F05BF9B7} = {5B820714-363B-3D16-82B0-C174F05BF9B7}
	EndProjectSection
EndProject
Project("{8BC9CEB8-8B4A-11D0-8D11-00A0C91BC942}") = "demosaic", "src\modules\demosaic\demosaic.vcxproj", "{83599E60-4F07-3A62-9529-0759DD3AF3F9}"
	ProjectSection(ProjectDependencies) = postProject
		{3886F6D0-C45E-3A82-8B89-3E00676CDF5C} = {3886F6D0-C45E-3A82-8B89-3E00676CDF5C}
	EndProjectSection
EndProject
Project("{8BC9CEB8-8B4A-11D0-8D11-00A0C91BC942}") = "digital_gain", "src\modules\digital_gain\digital_gain.vcxproj", "{58DCB758-24E4-37A1-8CA6-E1E36BDD5FDD}"
	ProjectSection(ProjectDependencies) = postProject
		{3886F6D0-C45E-3A82-8B89-3E00676CDF5C} = {3886F6D0-C45E-3A82-8B89-3E00676CDF5C}
		{5B820714-363B-3D16-82B0-C174F05BF9B7} = {5B820714-363B-3D16-82B0-C174F05BF9B7}
	EndProjectSection
EndProject
Project("{8BC9CEB8-8B4A-11D0-8D11-00A0C91BC942}") = "gamma_correction", "src\modules\gamma_correction\gamma_correction.vcxproj", "{4D206C57-0A78-3088-BE8D-0C3292763F26}"
	ProjectSection(ProjectDependencies) = postProject
		{3886F6D0-C45E-3A82-8B89-3E00676CDF5C} = {3886F6D0-C45E-3A82-8B89-3E00676CDF5C}
		{5B820714-363B-3D16-82B0-C174F05BF9B7} = {5B820714-363B-3D16-82B0-C174F05BF9B7}
	EndProjectSection
EndProject
Project("{8BC9CEB8-8B4A-11D0-8D11-00A0C91BC942}") = "hdr_durand", "src\modules\hdr_durand\hdr_durand.vcxproj", "{1FB9635C-6998-3934-9CDA-B128190AFCA8}"
	ProjectSection(ProjectDependencies) = postProject
		{3886F6D0-C45E-3A82-8B89-3E00676CDF5C} = {3886F6D0-C45E-3A82-8B89-3E00676CDF5C}
	EndProjectSection
EndProject
Project("{8BC9CEB8-8B4A-11D0-8D11-00A0C91BC942}") = "hdr_isp_pipeline", "hdr_isp_pipeline.vcxproj", "{C516004E-4C4E-35EB-9D08-EF3CB28CE502}"
	ProjectSection(ProjectDependencies) = postProject
		{3886F6D0-C45E-3A82-8B89-3E00676CDF5C} = {3886F6D0-C45E-3A82-8B89-3E00676CDF5C}
		{5B820714-363B-3D16-82B0-C174F05BF9B7} = {5B820714-363B-3D16-82B0-C174F05BF9B7}
		{60A3CBD7-16A1-374D-8BB7-36867196BA16} = {60A3CBD7-16A1-374D-8BB7-36867196BA16}
		{17B6817C-B810-3D10-913E-68D18E17E1AA} = {17B6817C-B810-3D10-913E-68D18E17E1AA}
	EndProjectSection
EndProject
Project("{8BC9CEB8-8B4A-11D0-8D11-00A0C91BC942}") = "infinite_isp", "src\infinite_isp.vcxproj", "{60A3CBD7-16A1-374D-8BB7-36867196BA16}"
	ProjectSection(ProjectDependencies) = postProject
		{3886F6D0-C45E-3A82-8B89-3E00676CDF5C} = {3886F6D0-C45E-3A82-8B89-3E00676CDF5C}
		{5B820714-363B-3D16-82B0-C174F05BF9B7} = {5B820714-363B-3D16-82B0-C174F05BF9B7}
	EndProjectSection
EndProject
Project("{8BC9CEB8-8B4A-11D0-8D11-00A0C91BC942}") = "isp_modules", "src\modules\isp_modules.vcxproj", "{17B6817C-B810-3D10-913E-68D18E17E1AA}"
	ProjectSection(ProjectDependencies) = postProject
		{B70AE4C5-E7B3-394C-A793-546EBB96662F} = {B70AE4C5-E7B3-394C-A793-546EBB96662F}
		{3886F6D0-C45E-3A82-8B89-3E00676CDF5C} = {3886F6D0-C45E-3A82-8B89-3E00676CDF5C}
		{2BAC1899-2A6B-368C-BB55-EA8521876709} = {2BAC1899-2A6B-368C-BB55-EA8521876709}
		{9C05A000-79D7-3DC3-99FA-C57010EB1E2F} = {9C05A000-79D7-3DC3-99FA-C57010EB1E2F}
		{04901F56-AAA6-31E9-9BF2-7EE6F9269151} = {04901F56-AAA6-31E9-9BF2-7EE6F9269151}
		{D2F01296-4B18-3A1F-9059-613864A0C55A} = {D2F01296-4B18-3A1F-9059-613864A0C55A}
		{7961E495-CD16-377B-85A3-52E22604E281} = {7961E495-CD16-377B-85A3-52E22604E281}
		{0C2A04D9-04A5-313C-A5AA-CE33B610766E} = {0C2A04D9-04A5-313C-A5AA-CE33B610766E}
		{1059771C-067F-3176-BB57-DF55A117D135} = {1059771C-067F-3176-BB57-DF55A117D135}
		{E2317FC8-E382-3222-BF46-9AF5EFABDD32} = {E2317FC8-E382-3222-BF46-9AF5EFABDD32}
		{83599E60-4F07-3A62-9529-0759DD3AF3F9} = {83599E60-4F07-3A62-9529-0759DD3AF3F9}
		{58DCB758-24E4-37A1-8CA6-E1E36BDD5FDD} = {58DCB758-24E4-37A1-8CA6-E1E36BDD5FDD}
		{4D206C57-0A78-3088-BE8D-0C3292763F26} = {4D206C57-0A78-3088-BE8D-0C3292763F26}
		{1FB9635C-6998-3934-9CDA-B128190AFCA8} = {1FB9635C-6998-3934-9CDA-B128190AFCA8}
		{66AB33D9-7700-3AB2-B78D-60FF7C7CA94B} = {66AB33D9-7700-3AB2-B78D-60FF7C7CA94B}
		{B2F9722C-C852-36E5-82CD-8477739BB9D1} = {B2F9722C-C852-36E5-82CD-8477739BB9D1}
		{E25B2C48-306C-3E63-BC01-1F62672711C6} = {E25B2C48-306C-3E63-BC01-1F62672711C6}
		{D66BB827-5F7C-33B8-A79F-DC28DDEDB1A8} = {D66BB827-5F7C-33B8-A79F-DC28DDEDB1A8}
		{74BDE4A5-07F2-3E58-A12F-203FD9EF87F1} = {74BDE4A5-07F2-3E58-A12F-203FD9EF87F1}
		{2C83A1B3-28A3-3B2F-B12E-8A94B40B23FE} = {2C83A1B3-28A3-3B2F-B12E-8A94B40B23FE}
		{2CC565D7-3669-3C8C-BA97-B1B1DD819A71} = {2CC565D7-3669-3C8C-BA97-B1B1DD819A71}
		{C49F8738-D89D-326F-80B3-D3250535177F} = {C49F8738-D89D-326F-80B3-D3250535177F}
		{0356A248-ECBB-3777-92B0-94159D209FE1} = {0356A248-ECBB-3777-92B0-94159D209FE1}
	EndProjectSection
EndProject
Project("{8BC9CEB8-8B4A-11D0-8D11-00A0C91BC942}") = "ldci", "src\modules\ldci\ldci.vcxproj", "{66AB33D9-7700-3AB2-B78D-60FF7C7CA94B}"
	ProjectSection(ProjectDependencies) = postProject
		{3886F6D0-C45E-3A82-8B89-3E00676CDF5C} = {3886F6D0-C45E-3A82-8B89-3E00676CDF5C}
	EndProjectSection
EndProject
Project("{8BC9CEB8-8B4A-11D0-8D11-00A0C91BC942}") = "lens_shading_correction", "src\modules\lens_shading_correction\lens_shading_correction.vcxproj", "{B2F9722C-C852-36E5-82CD-8477739BB9D1}"
	ProjectSection(ProjectDependencies) = postProject
		{3886F6D0-C45E-3A82-8B89-3E00676CDF5C} = {3886F6D0-C45E-3A82-8B89-3E00676CDF5C}
	EndProjectSection
EndProject
Project("{8BC9CEB8-8B4A-11D0-8D11-00A0C91BC942}") = "oecf", "src\modules\oecf\oecf.vcxproj", "{E25B2C48-306C-3E63-BC01-1F62672711C6}"
	ProjectSection(ProjectDependencies) = postProject
		{3886F6D0-C45E-3A82-8B89-3E00676CDF5C} = {3886F6D0-C45E-3A82-8B89-3E00676CDF5C}
	EndProjectSection
EndProject
Project("{8BC9CEB8-8B4A-11D0-8D11-00A0C91BC942}") = "pwc_generation", "src\modules\pwc_generation\pwc_generation.vcxproj", "{D66BB827-5F7C-33B8-A79F-DC28DDEDB1A8}"
	ProjectSection(ProjectDependencies) = postProject
		{3886F6D0-C45E-3A82-8B89-3E00676CDF5C} = {3886F6D0-C45E-3A82-8B89-3E00676CDF5C}
	EndProjectSection
EndProject
Project("{8BC9CEB8-8B4A-11D0-8D11-00A0C91BC942}") = "rgb_conversion", "src\modules\rgb_conversion\rgb_conversion.vcxproj", "{74BDE4A5-07F2-3E58-A12F-203FD9EF87F1}"
	ProjectSection(ProjectDependencies) = postProject
		{3886F6D0-C45E-3A82-8B89-3E00676CDF5C} = {3886F6D0-C45E-3A82-8B89-3E00676CDF5C}
		{5B820714-363B-3D16-82B0-C174F05BF9B7} = {5B820714-363B-3D16-82B0-C174F05BF9B7}
	EndProjectSection
EndProject
Project("{8BC9CEB8-8B4A-11D0-8D11-00A0C91BC942}") = "scale", "src\modules\scale\scale.vcxproj", "{2C83A1B3-28A3-3B2F-B12E-8A94B40B23FE}"
	ProjectSection(ProjectDependencies) = postProject
		{3886F6D0-C45E-3A82-8B89-3E00676CDF5C} = {3886F6D0-C45E-3A82-8B89-3E00676CDF5C}
	EndProjectSection
EndProject
Project("{8BC9CEB8-8B4A-11D0-8D11-00A0C91BC942}") = "sharpen", "src\modules\sharpen\sharpen.vcxproj", "{2CC565D7-3669-3C8C-BA97-B1B1DD819A71}"
	ProjectSection(ProjectDependencies) = postProject
		{3886F6D0-C45E-3A82-8B89-3E00676CDF5C} = {3886F6D0-C45E-3A82-8B89-3E00676CDF5C}
	EndProjectSection
EndProject
Project("{8BC9CEB8-8B4A-11D0-8D11-00A0C91BC942}") = "white_balance", "src\modules\white_balance\white_balance.vcxproj", "{C49F8738-D89D-326F-80B3-D3250535177F}"
	ProjectSection(ProjectDependencies) = postProject
		{3886F6D0-C45E-3A82-8B89-3E00676CDF5C} = {3886F6D0-C45E-3A82-8B89-3E00676CDF5C}
	EndProjectSection
EndProject
Project("{8BC9CEB8-8B4A-11D0-8D11-00A0C91BC942}") = "yuv_conv_format", "src\modules\yuv_conv_format\yuv_conv_format.vcxproj", "{0356A248-ECBB-3777-92B0-94159D209FE1}"
	ProjectSection(ProjectDependencies) = postProject
		{3886F6D0-C45E-3A82-8B89-3E00676CDF5C} = {3886F6D0-C45E-3A82-8B89-3E00676CDF5C}
	EndProjectSection
EndProject
Global
	GlobalSection(SolutionConfigurationPlatforms) = preSolution
		Debug|x64 = Debug|x64
		Release|x64 = Release|x64
		MinSizeRel|x64 = MinSizeRel|x64
		RelWithDebInfo|x64 = RelWithDebInfo|x64
	EndGlobalSection
	GlobalSection(ProjectConfigurationPlatforms) = postSolution
		{B3CD77B1-487D-3367-9EC7-E3D31F44753F}.Debug|x64.ActiveCfg = Debug|x64
		{B3CD77B1-487D-3367-9EC7-E3D31F44753F}.Release|x64.ActiveCfg = Release|x64
		{B3CD77B1-487D-3367-9EC7-E3D31F44753F}.MinSizeRel|x64.ActiveCfg = MinSizeRel|x64
		{B3CD77B1-487D-3367-9EC7-E3D31F44753F}.RelWithDebInfo|x64.ActiveCfg = RelWithDebInfo|x64
		{B70AE4C5-E7B3-394C-A793-546EBB96662F}.Debug|x64.ActiveCfg = Debug|x64
		{B70AE4C5-E7B3-394C-A793-546EBB96662F}.Debug|x64.Build.0 = Debug|x64
		{B70AE4C5-E7B3-394C-A793-546EBB96662F}.Release|x64.ActiveCfg = Release|x64
		{B70AE4C5-E7B3-394C-A793-546EBB96662F}.Release|x64.Build.0 = Release|x64
		{B70AE4C5-E7B3-394C-A793-546EBB96662F}.MinSizeRel|x64.ActiveCfg = MinSizeRel|x64
		{B70AE4C5-E7B3-394C-A793-546EBB96662F}.MinSizeRel|x64.Build.0 = MinSizeRel|x64
		{B70AE4C5-E7B3-394C-A793-546EBB96662F}.RelWithDebInfo|x64.ActiveCfg = RelWithDebInfo|x64
		{B70AE4C5-E7B3-394C-A793-546EBB96662F}.RelWithDebInfo|x64.Build.0 = RelWithDebInfo|x64
		{3886F6D0-C45E-3A82-8B89-3E00676CDF5C}.Debug|x64.ActiveCfg = Debug|x64
		{3886F6D0-C45E-3A82-8B89-3E00676CDF5C}.Debug|x64.Build.0 = Debug|x64
		{3886F6D0-C45E-3A82-8B89-3E00676CDF5C}.Release|x64.ActiveCfg = Release|x64
		{3886F6D0-C45E-3A82-8B89-3E00676CDF5C}.Release|x64.Build.0 = Release|x64
		{3886F6D0-C45E-3A82-8B89-3E00676CDF5C}.MinSizeRel|x64.ActiveCfg = MinSizeRel|x64
		{3886F6D0-C45E-3A82-8B89-3E00676CDF5C}.MinSizeRel|x64.Build.0 = MinSizeRel|x64
		{3886F6D0-C45E-3A82-8B89-3E00676CDF5C}.RelWithDebInfo|x64.ActiveCfg = RelWithDebInfo|x64
		{3886F6D0-C45E-3A82-8B89-3E00676CDF5C}.RelWithDebInfo|x64.Build.0 = RelWithDebInfo|x64
		{2BAC1899-2A6B-368C-BB55-EA8521876709}.Debug|x64.ActiveCfg = Debug|x64
		{2BAC1899-2A6B-368C-BB55-EA8521876709}.Debug|x64.Build.0 = Debug|x64
		{2BAC1899-2A6B-368C-BB55-EA8521876709}.Release|x64.ActiveCfg = Release|x64
		{2BAC1899-2A6B-368C-BB55-EA8521876709}.Release|x64.Build.0 = Release|x64
		{2BAC1899-2A6B-368C-BB55-EA8521876709}.MinSizeRel|x64.ActiveCfg = MinSizeRel|x64
		{2BAC1899-2A6B-368C-BB55-EA8521876709}.MinSizeRel|x64.Build.0 = MinSizeRel|x64
		{2BAC1899-2A6B-368C-BB55-EA8521876709}.RelWithDebInfo|x64.ActiveCfg = RelWithDebInfo|x64
		{2BAC1899-2A6B-368C-BB55-EA8521876709}.RelWithDebInfo|x64.Build.0 = RelWithDebInfo|x64
		{9C05A000-79D7-3DC3-99FA-C57010EB1E2F}.Debug|x64.ActiveCfg = Debug|x64
		{9C05A000-79D7-3DC3-99FA-C57010EB1E2F}.Debug|x64.Build.0 = Debug|x64
		{9C05A000-79D7-3DC3-99FA-C57010EB1E2F}.Release|x64.ActiveCfg = Release|x64
		{9C05A000-79D7-3DC3-99FA-C57010EB1E2F}.Release|x64.Build.0 = Release|x64
		{9C05A000-79D7-3DC3-99FA-C57010EB1E2F}.MinSizeRel|x64.ActiveCfg = MinSizeRel|x64
		{9C05A000-79D7-3DC3-99FA-C57010EB1E2F}.MinSizeRel|x64.Build.0 = MinSizeRel|x64
		{9C05A000-79D7-3DC3-99FA-C57010EB1E2F}.RelWithDebInfo|x64.ActiveCfg = RelWithDebInfo|x64
		{9C05A000-79D7-3DC3-99FA-C57010EB1E2F}.RelWithDebInfo|x64.Build.0 = RelWithDebInfo|x64
		{04901F56-AAA6-31E9-9BF2-7EE6F9269151}.Debug|x64.ActiveCfg = Debug|x64
		{04901F56-AAA6-31E9-9BF2-7EE6F9269151}.Debug|x64.Build.0 = Debug|x64
		{04901F56-AAA6-31E9-9BF2-7EE6F9269151}.Release|x64.ActiveCfg = Release|x64
		{04901F56-AAA6-31E9-9BF2-7EE6F9269151}.Release|x64.Build.0 = Release|x64
		{04901F56-AAA6-31E9-9BF2-7EE6F9269151}.MinSizeRel|x64.ActiveCfg = MinSizeRel|x64
		{04901F56-AAA6-31E9-9BF2-7EE6F9269151}.MinSizeRel|x64.Build.0 = MinSizeRel|x64
		{04901F56-AAA6-31E9-9BF2-7EE6F9269151}.RelWithDebInfo|x64.ActiveCfg = RelWithDebInfo|x64
		{04901F56-AAA6-31E9-9BF2-7EE6F9269151}.RelWithDebInfo|x64.Build.0 = RelWithDebInfo|x64
		{D2F01296-4B18-3A1F-9059-613864A0C55A}.Debug|x64.ActiveCfg = Debug|x64
		{D2F01296-4B18-3A1F-9059-613864A0C55A}.Debug|x64.Build.0 = Debug|x64
		{D2F01296-4B18-3A1F-9059-613864A0C55A}.Release|x64.ActiveCfg = Release|x64
		{D2F01296-4B18-3A1F-9059-613864A0C55A}.Release|x64.Build.0 = Release|x64
		{D2F01296-4B18-3A1F-9059-613864A0C55A}.MinSizeRel|x64.ActiveCfg = MinSizeRel|x64
		{D2F01296-4B18-3A1F-9059-613864A0C55A}.MinSizeRel|x64.Build.0 = MinSizeRel|x64
		{D2F01296-4B18-3A1F-9059-613864A0C55A}.RelWithDebInfo|x64.ActiveCfg = RelWithDebInfo|x64
		{D2F01296-4B18-3A1F-9059-613864A0C55A}.RelWithDebInfo|x64.Build.0 = RelWithDebInfo|x64
		{7961E495-CD16-377B-85A3-52E22604E281}.Debug|x64.ActiveCfg = Debug|x64
		{7961E495-CD16-377B-85A3-52E22604E281}.Debug|x64.Build.0 = Debug|x64
		{7961E495-CD16-377B-85A3-52E22604E281}.Release|x64.ActiveCfg = Release|x64
		{7961E495-CD16-377B-85A3-52E22604E281}.Release|x64.Build.0 = Release|x64
		{7961E495-CD16-377B-85A3-52E22604E281}.MinSizeRel|x64.ActiveCfg = MinSizeRel|x64
		{7961E495-CD16-377B-85A3-52E22604E281}.MinSizeRel|x64.Build.0 = MinSizeRel|x64
		{7961E495-CD16-377B-85A3-52E22604E281}.RelWithDebInfo|x64.ActiveCfg = RelWithDebInfo|x64
		{7961E495-CD16-377B-85A3-52E22604E281}.RelWithDebInfo|x64.Build.0 = RelWithDebInfo|x64
		{0C2A04D9-04A5-313C-A5AA-CE33B610766E}.Debug|x64.ActiveCfg = Debug|x64
		{0C2A04D9-04A5-313C-A5AA-CE33B610766E}.Debug|x64.Build.0 = Debug|x64
		{0C2A04D9-04A5-313C-A5AA-CE33B610766E}.Release|x64.ActiveCfg = Release|x64
		{0C2A04D9-04A5-313C-A5AA-CE33B610766E}.Release|x64.Build.0 = Release|x64
		{0C2A04D9-04A5-313C-A5AA-CE33B610766E}.MinSizeRel|x64.ActiveCfg = MinSizeRel|x64
		{0C2A04D9-04A5-313C-A5AA-CE33B610766E}.MinSizeRel|x64.Build.0 = MinSizeRel|x64
		{0C2A04D9-04A5-313C-A5AA-CE33B610766E}.RelWithDebInfo|x64.ActiveCfg = RelWithDebInfo|x64
		{0C2A04D9-04A5-313C-A5AA-CE33B610766E}.RelWithDebInfo|x64.Build.0 = RelWithDebInfo|x64
		{5B820714-363B-3D16-82B0-C174F05BF9B7}.Debug|x64.ActiveCfg = Debug|x64
		{5B820714-363B-3D16-82B0-C174F05BF9B7}.Debug|x64.Build.0 = Debug|x64
		{5B820714-363B-3D16-82B0-C174F05BF9B7}.Release|x64.ActiveCfg = Release|x64
		{5B820714-363B-3D16-82B0-C174F05BF9B7}.Release|x64.Build.0 = Release|x64
		{5B820714-363B-3D16-82B0-C174F05BF9B7}.MinSizeRel|x64.ActiveCfg = MinSizeRel|x64
		{5B820714-363B-3D16-82B0-C174F05BF9B7}.MinSizeRel|x64.Build.0 = MinSizeRel|x64
		{5B820714-363B-3D16-82B0-C174F05BF9B7}.RelWithDebInfo|x64.ActiveCfg = RelWithDebInfo|x64
		{5B820714-363B-3D16-82B0-C174F05BF9B7}.RelWithDebInfo|x64.Build.0 = RelWithDebInfo|x64
		{1059771C-067F-3176-BB57-DF55A117D135}.Debug|x64.ActiveCfg = Debug|x64
		{1059771C-067F-3176-BB57-DF55A117D135}.Debug|x64.Build.0 = Debug|x64
		{1059771C-067F-3176-BB57-DF55A117D135}.Release|x64.ActiveCfg = Release|x64
		{1059771C-067F-3176-BB57-DF55A117D135}.Release|x64.Build.0 = Release|x64
		{1059771C-067F-3176-BB57-DF55A117D135}.MinSizeRel|x64.ActiveCfg = MinSizeRel|x64
		{1059771C-067F-3176-BB57-DF55A117D135}.MinSizeRel|x64.Build.0 = MinSizeRel|x64
		{1059771C-067F-3176-BB57-DF55A117D135}.RelWithDebInfo|x64.ActiveCfg = RelWithDebInfo|x64
		{1059771C-067F-3176-BB57-DF55A117D135}.RelWithDebInfo|x64.Build.0 = RelWithDebInfo|x64
		{E2317FC8-E382-3222-BF46-9AF5EFABDD32}.Debug|x64.ActiveCfg = Debug|x64
		{E2317FC8-E382-3222-BF46-9AF5EFABDD32}.Debug|x64.Build.0 = Debug|x64
		{E2317FC8-E382-3222-BF46-9AF5EFABDD32}.Release|x64.ActiveCfg = Release|x64
		{E2317FC8-E382-3222-BF46-9AF5EFABDD32}.Release|x64.Build.0 = Release|x64
		{E2317FC8-E382-3222-BF46-9AF5EFABDD32}.MinSizeRel|x64.ActiveCfg = MinSizeRel|x64
		{E2317FC8-E382-3222-BF46-9AF5EFABDD32}.MinSizeRel|x64.Build.0 = MinSizeRel|x64
		{E2317FC8-E382-3222-BF46-9AF5EFABDD32}.RelWithDebInfo|x64.ActiveCfg = RelWithDebInfo|x64
		{E2317FC8-E382-3222-BF46-9AF5EFABDD32}.RelWithDebInfo|x64.Build.0 = RelWithDebInfo|x64
		{83599E60-4F07-3A62-9529-0759DD3AF3F9}.Debug|x64.ActiveCfg = Debug|x64
		{83599E60-4F07-3A62-9529-0759DD3AF3F9}.Debug|x64.Build.0 = Debug|x64
		{83599E60-4F07-3A62-9529-0759DD3AF3F9}.Release|x64.ActiveCfg = Release|x64
		{83599E60-4F07-3A62-9529-0759DD3AF3F9}.Release|x64.Build.0 = Release|x64
		{83599E60-4F07-3A62-9529-0759DD3AF3F9}.MinSizeRel|x64.ActiveCfg = MinSizeRel|x64
		{83599E60-4F07-3A62-9529-0759DD3AF3F9}.MinSizeRel|x64.Build.0 = MinSizeRel|x64
		{83599E60-4F07-3A62-9529-0759DD3AF3F9}.RelWithDebInfo|x64.ActiveCfg = RelWithDebInfo|x64
		{83599E60-4F07-3A62-9529-0759DD3AF3F9}.RelWithDebInfo|x64.Build.0 = RelWithDebInfo|x64
		{58DCB758-24E4-37A1-8CA6-E1E36BDD5FDD}.Debug|x64.ActiveCfg = Debug|x64
		{58DCB758-24E4-37A1-8CA6-E1E36BDD5FDD}.Debug|x64.Build.0 = Debug|x64
		{58DCB758-24E4-37A1-8CA6-E1E36BDD5FDD}.Release|x64.ActiveCfg = Release|x64
		{58DCB758-24E4-37A1-8CA6-E1E36BDD5FDD}.Release|x64.Build.0 = Release|x64
		{58DCB758-24E4-37A1-8CA6-E1E36BDD5FDD}.MinSizeRel|x64.ActiveCfg = MinSizeRel|x64
		{58DCB758-24E4-37A1-8CA6-E1E36BDD5FDD}.MinSizeRel|x64.Build.0 = MinSizeRel|x64
		{58DCB758-24E4-37A1-8CA6-E1E36BDD5FDD}.RelWithDebInfo|x64.ActiveCfg = RelWithDebInfo|x64
		{58DCB758-24E4-37A1-8CA6-E1E36BDD5FDD}.RelWithDebInfo|x64.Build.0 = RelWithDebInfo|x64
		{4D206C57-0A78-3088-BE8D-0C3292763F26}.Debug|x64.ActiveCfg = Debug|x64
		{4D206C57-0A78-3088-BE8D-0C3292763F26}.Debug|x64.Build.0 = Debug|x64
		{4D206C57-0A78-3088-BE8D-0C3292763F26}.Release|x64.ActiveCfg = Release|x64
		{4D206C57-0A78-3088-BE8D-0C3292763F26}.Release|x64.Build.0 = Release|x64
		{4D206C57-0A78-3088-BE8D-0C3292763F26}.MinSizeRel|x64.ActiveCfg = MinSizeRel|x64
		{4D206C57-0A78-3088-BE8D-0C3292763F26}.MinSizeRel|x64.Build.0 = MinSizeRel|x64
		{4D206C57-0A78-3088-BE8D-0C3292763F26}.RelWithDebInfo|x64.ActiveCfg = RelWithDebInfo|x64
		{4D206C57-0A78-3088-BE8D-0C3292763F26}.RelWithDebInfo|x64.Build.0 = RelWithDebInfo|x64
		{1FB9635C-6998-3934-9CDA-B128190AFCA8}.Debug|x64.ActiveCfg = Debug|x64
		{1FB9635C-6998-3934-9CDA-B128190AFCA8}.Debug|x64.Build.0 = Debug|x64
		{1FB9635C-6998-3934-9CDA-B128190AFCA8}.Release|x64.ActiveCfg = Release|x64
		{1FB9635C-6998-3934-9CDA-B128190AFCA8}.Release|x64.Build.0 = Release|x64
		{1FB9635C-6998-3934-9CDA-B128190AFCA8}.MinSizeRel|x64.ActiveCfg = MinSizeRel|x64
		{1FB9635C-6998-3934-9CDA-B128190AFCA8}.MinSizeRel|x64.Build.0 = MinSizeRel|x64
		{1FB9635C-6998-3934-9CDA-B128190AFCA8}.RelWithDebInfo|x64.ActiveCfg = RelWithDebInfo|x64
		{1FB9635C-6998-3934-9CDA-B128190AFCA8}.RelWithDebInfo|x64.Build.0 = RelWithDebInfo|x64
		{C516004E-4C4E-35EB-9D08-EF3CB28CE502}.Debug|x64.ActiveCfg = Debug|x64
		{C516004E-4C4E-35EB-9D08-EF3CB28CE502}.Debug|x64.Build.0 = Debug|x64
		{C516004E-4C4E-35EB-9D08-EF3CB28CE502}.Release|x64.ActiveCfg = Release|x64
		{C516004E-4C4E-35EB-9D08-EF3CB28CE502}.Release|x64.Build.0 = Release|x64
		{C516004E-4C4E-35EB-9D08-EF3CB28CE502}.MinSizeRel|x64.ActiveCfg = MinSizeRel|x64
		{C516004E-4C4E-35EB-9D08-EF3CB28CE502}.MinSizeRel|x64.Build.0 = MinSizeRel|x64
		{C516004E-4C4E-35EB-9D08-EF3CB28CE502}.RelWithDebInfo|x64.ActiveCfg = RelWithDebInfo|x64
		{C516004E-4C4E-35EB-9D08-EF3CB28CE502}.RelWithDebInfo|x64.Build.0 = RelWithDebInfo|x64
		{60A3CBD7-16A1-374D-8BB7-36867196BA16}.Debug|x64.ActiveCfg = Debug|x64
		{60A3CBD7-16A1-374D-8BB7-36867196BA16}.Debug|x64.Build.0 = Debug|x64
		{60A3CBD7-16A1-374D-8BB7-36867196BA16}.Release|x64.ActiveCfg = Release|x64
		{60A3CBD7-16A1-374D-8BB7-36867196BA16}.Release|x64.Build.0 = Release|x64
		{60A3CBD7-16A1-374D-8BB7-36867196BA16}.MinSizeRel|x64.ActiveCfg = MinSizeRel|x64
		{60A3CBD7-16A1-374D-8BB7-36867196BA16}.MinSizeRel|x64.Build.0 = MinSizeRel|x64
		{60A3CBD7-16A1-374D-8BB7-36867196BA16}.RelWithDebInfo|x64.ActiveCfg = RelWithDebInfo|x64
		{60A3CBD7-16A1-374D-8BB7-36867196BA16}.RelWithDebInfo|x64.Build.0 = RelWithDebInfo|x64
		{17B6817C-B810-3D10-913E-68D18E17E1AA}.Debug|x64.ActiveCfg = Debug|x64
		{17B6817C-B810-3D10-913E-68D18E17E1AA}.Debug|x64.Build.0 = Debug|x64
		{17B6817C-B810-3D10-913E-68D18E17E1AA}.Release|x64.ActiveCfg = Release|x64
		{17B6817C-B810-3D10-913E-68D18E17E1AA}.Release|x64.Build.0 = Release|x64
		{17B6817C-B810-3D10-913E-68D18E17E1AA}.MinSizeRel|x64.ActiveCfg = MinSizeRel|x64
		{17B6817C-B810-3D10-913E-68D18E17E1AA}.MinSizeRel|x64.Build.0 = MinSizeRel|x64
		{17B6817C-B810-3D10-913E-68D18E17E1AA}.RelWithDebInfo|x64.ActiveCfg = RelWithDebInfo|x64
		{17B6817C-B810-3D10-913E-68D18E17E1AA}.RelWithDebInfo|x64.Build.0 = RelWithDebInfo|x64
		{66AB33D9-7700-3AB2-B78D-60FF7C7CA94B}.Debug|x64.ActiveCfg = Debug|x64
		{66AB33D9-7700-3AB2-B78D-60FF7C7CA94B}.Debug|x64.Build.0 = Debug|x64
		{66AB33D9-7700-3AB2-B78D-60FF7C7CA94B}.Release|x64.ActiveCfg = Release|x64
		{66AB33D9-7700-3AB2-B78D-60FF7C7CA94B}.Release|x64.Build.0 = Release|x64
		{66AB33D9-7700-3AB2-B78D-60FF7C7CA94B}.MinSizeRel|x64.ActiveCfg = MinSizeRel|x64
		{66AB33D9-7700-3AB2-B78D-60FF7C7CA94B}.MinSizeRel|x64.Build.0 = MinSizeRel|x64
		{66AB33D9-7700-3AB2-B78D-60FF7C7CA94B}.RelWithDebInfo|x64.ActiveCfg = RelWithDebInfo|x64
		{66AB33D9-7700-3AB2-B78D-60FF7C7CA94B}.RelWithDebInfo|x64.Build.0 = RelWithDebInfo|x64
		{B2F9722C-C852-36E5-82CD-8477739BB9D1}.Debug|x64.ActiveCfg = Debug|x64
		{B2F9722C-C852-36E5-82CD-8477739BB9D1}.Debug|x64.Build.0 = Debug|x64
		{B2F9722C-C852-36E5-82CD-8477739BB9D1}.Release|x64.ActiveCfg = Release|x64
		{B2F9722C-C852-36E5-82CD-8477739BB9D1}.Release|x64.Build.0 = Release|x64
		{B2F9722C-C852-36E5-82CD-8477739BB9D1}.MinSizeRel|x64.ActiveCfg = MinSizeRel|x64
		{B2F9722C-C852-36E5-82CD-8477739BB9D1}.MinSizeRel|x64.Build.0 = MinSizeRel|x64
		{B2F9722C-C852-36E5-82CD-8477739BB9D1}.RelWithDebInfo|x64.ActiveCfg = RelWithDebInfo|x64
		{B2F9722C-C852-36E5-82CD-8477739BB9D1}.RelWithDebInfo|x64.Build.0 = RelWithDebInfo|x64
		{E25B2C48-306C-3E63-BC01-1F62672711C6}.Debug|x64.ActiveCfg = Debug|x64
		{E25B2C48-306C-3E63-BC01-1F62672711C6}.Debug|x64.Build.0 = Debug|x64
		{E25B2C48-306C-3E63-BC01-1F62672711C6}.Release|x64.ActiveCfg = Release|x64
		{E25B2C48-306C-3E63-BC01-1F62672711C6}.Release|x64.Build.0 = Release|x64
		{E25B2C48-306C-3E63-BC01-1F62672711C6}.MinSizeRel|x64.ActiveCfg = MinSizeRel|x64
		{E25B2C48-306C-3E63-BC01-1F62672711C6}.MinSizeRel|x64.Build.0 = MinSizeRel|x64
		{E25B2C48-306C-3E63-BC01-1F62672711C6}.RelWithDebInfo|x64.ActiveCfg = RelWithDebInfo|x64
		{E25B2C48-306C-3E63-BC01-1F62672711C6}.RelWithDebInfo|x64.Build.0 = RelWithDebInfo|x64
		{D66BB827-5F7C-33B8-A79F-DC28DDEDB1A8}.Debug|x64.ActiveCfg = Debug|x64
		{D66BB827-5F7C-33B8-A79F-DC28DDEDB1A8}.Debug|x64.Build.0 = Debug|x64
		{D66BB827-5F7C-33B8-A79F-DC28DDEDB1A8}.Release|x64.ActiveCfg = Release|x64
		{D66BB827-5F7C-33B8-A79F-DC28DDEDB1A8}.Release|x64.Build.0 = Release|x64
		{D66BB827-5F7C-33B8-A79F-DC28DDEDB1A8}.MinSizeRel|x64.ActiveCfg = MinSizeRel|x64
		{D66BB827-5F7C-33B8-A79F-DC28DDEDB1A8}.MinSizeRel|x64.Build.0 = MinSizeRel|x64
		{D66BB827-5F7C-33B8-A79F-DC28DDEDB1A8}.RelWithDebInfo|x64.ActiveCfg = RelWithDebInfo|x64
		{D66BB827-5F7C-33B8-A79F-DC28DDEDB1A8}.RelWithDebInfo|x64.Build.0 = RelWithDebInfo|x64
		{74BDE4A5-07F2-3E58-A12F-203FD9EF87F1}.Debug|x64.ActiveCfg = Debug|x64
		{74BDE4A5-07F2-3E58-A12F-203FD9EF87F1}.Debug|x64.Build.0 = Debug|x64
		{74BDE4A5-07F2-3E58-A12F-203FD9EF87F1}.Release|x64.ActiveCfg = Release|x64
		{74BDE4A5-07F2-3E58-A12F-203FD9EF87F1}.Release|x64.Build.0 = Release|x64
		{74BDE4A5-07F2-3E58-A12F-203FD9EF87F1}.MinSizeRel|x64.ActiveCfg = MinSizeRel|x64
		{74BDE4A5-07F2-3E58-A12F-203FD9EF87F1}.MinSizeRel|x64.Build.0 = MinSizeRel|x64
		{74BDE4A5-07F2-3E58-A12F-203FD9EF87F1}.RelWithDebInfo|x64.ActiveCfg = RelWithDebInfo|x64
		{74BDE4A5-07F2-3E58-A12F-203FD9EF87F1}.RelWithDebInfo|x64.Build.0 = RelWithDebInfo|x64
		{2C83A1B3-28A3-3B2F-B12E-8A94B40B23FE}.Debug|x64.ActiveCfg = Debug|x64
		{2C83A1B3-28A3-3B2F-B12E-8A94B40B23FE}.Debug|x64.Build.0 = Debug|x64
		{2C83A1B3-28A3-3B2F-B12E-8A94B40B23FE}.Release|x64.ActiveCfg = Release|x64
		{2C83A1B3-28A3-3B2F-B12E-8A94B40B23FE}.Release|x64.Build.0 = Release|x64
		{2C83A1B3-28A3-3B2F-B12E-8A94B40B23FE}.MinSizeRel|x64.ActiveCfg = MinSizeRel|x64
		{2C83A1B3-28A3-3B2F-B12E-8A94B40B23FE}.MinSizeRel|x64.Build.0 = MinSizeRel|x64
		{2C83A1B3-28A3-3B2F-B12E-8A94B40B23FE}.RelWithDebInfo|x64.ActiveCfg = RelWithDebInfo|x64
		{2C83A1B3-28A3-3B2F-B12E-8A94B40B23FE}.RelWithDebInfo|x64.Build.0 = RelWithDebInfo|x64
		{2CC565D7-3669-3C8C-BA97-B1B1DD819A71}.Debug|x64.ActiveCfg = Debug|x64
		{2CC565D7-3669-3C8C-BA97-B1B1DD819A71}.Debug|x64.Build.0 = Debug|x64
		{2CC565D7-3669-3C8C-BA97-B1B1DD819A71}.Release|x64.ActiveCfg = Release|x64
		{2CC565D7-3669-3C8C-BA97-B1B1DD819A71}.Release|x64.Build.0 = Release|x64
		{2CC565D7-3669-3C8C-BA97-B1B1DD819A71}.MinSizeRel|x64.ActiveCfg = MinSizeRel|x64
		{2CC565D7-3669-3C8C-BA97-B1B1DD819A71}.MinSizeRel|x64.Build.0 = MinSizeRel|x64
		{2CC565D7-3669-3C8C-BA97-B1B1DD819A71}.RelWithDebInfo|x64.ActiveCfg = RelWithDebInfo|x64
		{2CC565D7-3669-3C8C-BA97-B1B1DD819A71}.RelWithDebInfo|x64.Build.0 = RelWithDebInfo|x64
		{C49F8738-D89D-326F-80B3-D3250535177F}.Debug|x64.ActiveCfg = Debug|x64
		{C49F8738-D89D-326F-80B3-D3250535177F}.Debug|x64.Build.0 = Debug|x64
		{C49F8738-D89D-326F-80B3-D3250535177F}.Release|x64.ActiveCfg = Release|x64
		{C49F8738-D89D-326F-80B3-D3250535177F}.Release|x64.Build.0 = Release|x64
		{C49F8738-D89D-326F-80B3-D3250535177F}.MinSizeRel|x64.ActiveCfg = MinSizeRel|x64
		{C49F8738-D89D-326F-80B3-D3250535177F}.MinSizeRel|x64.Build.0 = MinSizeRel|x64
		{C49F8738-D89D-326F-80B3-D3250535177F}.RelWithDebInfo|x64.ActiveCfg = RelWithDebInfo|x64
		{C49F8738-D89D-326F-80B3-D3250535177F}.RelWithDebInfo|x64.Build.0 = RelWithDebInfo|x64
		{0356A248-ECBB-3777-92B0-94159D209FE1}.Debug|x64.ActiveCfg = Debug|x64
		{0356A248-ECBB-3777-92B0-94159D209FE1}.Debug|x64.Build.0 = Debug|x64
		{0356A248-ECBB-3777-92B0-94159D209FE1}.Release|x64.ActiveCfg = Release|x64
		{0356A248-ECBB-3777-92B0-94159D209FE1}.Release|x64.Build.0 = Release|x64
		{0356A248-ECBB-3777-92B0-94159D209FE1}.MinSizeRel|x64.ActiveCfg = MinSizeRel|x64
		{0356A248-ECBB-3777-92B0-94159D209FE1}.MinSizeRel|x64.Build.0 = MinSizeRel|x64
		{0356A248-ECBB-3777-92B0-94159D209FE1}.RelWithDebInfo|x64.ActiveCfg = RelWithDebInfo|x64
		{0356A248-ECBB-3777-92B0-94159D209FE1}.RelWithDebInfo|x64.Build.0 = RelWithDebInfo|x64
	EndGlobalSection
	GlobalSection(ExtensibilityGlobals) = postSolution
		SolutionGuid = {D669EEB4-3CDB-3840-AFA2-F19210458D84}
	EndGlobalSection
	GlobalSection(ExtensibilityAddIns) = postSolution
	EndGlobalSection
EndGlobal
